// !$*UTF8*$!
{
	archiveVersion = 1;
	classes = {
	};
	objectVersion = 56;
	objects = {

/* Begin PBXBuildFile section */
		F0CBD2BDA7FC4D9481C57E71 /* ZombieSurvivalApp.swift in Sources */ = {isa = PBXBuildFile; fileRef = 32681EC3699D432D87C4964D /* ZombieSurvivalApp.swift */; };
		171BC243A8224A2086E8F5E1 /* GameContainerView.swift in Sources */ = {isa = PBXBuildFile; fileRef = DC541C5AA13D460D8D387BB6 /* GameContainerView.swift */; };
		B904C1133CC642459F368DCA /* Balance.swift in Sources */ = {isa = PBXBuildFile; fileRef = 3C7EE623199F486F9806169A /* Balance.swift */; };
		C5C2FA7A3AB1467E88B5FECE /* Geometry.swift in Sources */ = {isa = PBXBuildFile; fileRef = 0984AE53405A438691047883 /* Geometry.swift */; };
		2E8C448187974C818F900800 /* AssetProvider.swift in Sources */ = {isa = PBXBuildFile; fileRef = 94CE523F76FE4AE18D13D209 /* AssetProvider.swift */; };
		F6171393BFA7403C8A687DB5 /* GameState.swift in Sources */ = {isa = PBXBuildFile; fileRef = EB5CB5C5AFBF48C98AE45184 /* GameState.swift */; };
		FE6345C882044D098AF70B0B /* ControlScheme.swift in Sources */ = {isa = PBXBuildFile; fileRef = 04F3C6FF045248948A1DE9C3 /* ControlScheme.swift */; };
		6D5821CB02BC45D883AEAD8D /* VirtualJoystick.swift in Sources */ = {isa = PBXBuildFile; fileRef = 66EAED45A9994EF2960E126A /* VirtualJoystick.swift */; };
		1AE881EB342F4150A1B3BA7C /* DualStickControlScheme.swift in Sources */ = {isa = PBXBuildFile; fileRef = E6DD92C88D274A848F22DB7D /* DualStickControlScheme.swift */; };
		30C2C981B75F4CCFBBF9878A /* SingleStickAutoAimControlScheme.swift in Sources */ = {isa = PBXBuildFile; fileRef = FB59FC4B58E54629B4F706C0 /* SingleStickAutoAimControlScheme.swift */; };
		5F3E9F7E3B4D48CEA73A1BE8 /* Weapon.swift in Sources */ = {isa = PBXBuildFile; fileRef = 9D4AB434CE8745088D0EB9E2 /* Weapon.swift */; };
		13C4E7360DDD4475AA314D04 /* Player.swift in Sources */ = {isa = PBXBuildFile; fileRef = BEAAFA5DFE5D4C779D8FC83D /* Player.swift */; };
		22EE9D48F2704415AD6A7B81 /* Bullet.swift in Sources */ = {isa = PBXBuildFile; fileRef = 8BEC479A41CF45C6B5DEADC8 /* Bullet.swift */; };
		92BDA298F1A94B0F8347FB2E /* Enemy.swift in Sources */ = {isa = PBXBuildFile; fileRef = 3E2CBED440FC4108825834EE /* Enemy.swift */; };
		0AEB280A93A74282A904B0B1 /* Walker.swift in Sources */ = {isa = PBXBuildFile; fileRef = 8612C36B46E3430598F19183 /* Walker.swift */; };
		67AB4E593C014E22967FDF04 /* WeaponInventory.swift in Sources */ = {isa = PBXBuildFile; fileRef = 91BCA71837C34F65B4A570B2 /* WeaponInventory.swift */; };
		8EC59A40DAFD4C09A3F14A0C /* Perk.swift in Sources */ = {isa = PBXBuildFile; fileRef = 212EEB7378FF4CE5BDFD9E63 /* Perk.swift */; };
		87A249AB9EC2454ABB5B78E5 /* CoinPickup.swift in Sources */ = {isa = PBXBuildFile; fileRef = 705901D7F6D3465894425446 /* CoinPickup.swift */; };
		A3A0C3F115784B51A4C7986E /* SMG.swift in Sources */ = {isa = PBXBuildFile; fileRef = C7664ADC6BC64A9F9C28BAC2 /* SMG.swift */; };
		4E4D16AF4180435FBD1775F9 /* Shotgun.swift in Sources */ = {isa = PBXBuildFile; fileRef = EAADE803C23C482EAE52EA6D /* Shotgun.swift */; };
		1DD17C10FA454C3F89CE089D /* AssaultRifle.swift in Sources */ = {isa = PBXBuildFile; fileRef = 38FE14D387894F6F8794D0A1 /* AssaultRifle.swift */; };
		0B8FB1FF6C3F4DA58280FA76 /* Sniper.swift in Sources */ = {isa = PBXBuildFile; fileRef = 3EE9FE8A09384FA7A8BAA0FE /* Sniper.swift */; };
		B8845A63BE2F46BC9E036D7C /* LMG.swift in Sources */ = {isa = PBXBuildFile; fileRef = 39369E1420D34FC1B62CF310 /* LMG.swift */; };
		27FFA743D39B4D588A0987DB /* GrenadeLauncher.swift in Sources */ = {isa = PBXBuildFile; fileRef = 44140FF736F248958E3A671B /* GrenadeLauncher.swift */; };
		78295D4312AD49A6ACADD84C /* ArcCannon.swift in Sources */ = {isa = PBXBuildFile; fileRef = C1794E17678E4066BF951920 /* ArcCannon.swift */; };
		E13080C6D3254FBCA632162B /* WaveManager.swift in Sources */ = {isa = PBXBuildFile; fileRef = 8FF120240CE847E68EC13973 /* WaveManager.swift */; };
		0E7B6B56C77D4DADBD0F92AD /* EconomyManager.swift in Sources */ = {isa = PBXBuildFile; fileRef = 84CA81441F1D4E8491644CEE /* EconomyManager.swift */; };
		4D041017C22B487ABD165D6E /* GameScene.swift in Sources */ = {isa = PBXBuildFile; fileRef = 693C7A76A04742248764A2E5 /* GameScene.swift */; };
		73B28A5A858A47D983721580 /* ShopScene.swift in Sources */ = {isa = PBXBuildFile; fileRef = 694A593449C14C1587EFDD5D /* ShopScene.swift */; };
		6CDCC63FC1534C94B9ACCA75 /* HUD.swift in Sources */ = {isa = PBXBuildFile; fileRef = EE08837CE17A4D4FAD1C7D08 /* HUD.swift */; };
		4233F5BD06F54BBEB6713268 /* Assets.xcassets in Resources */ = {isa = PBXBuildFile; fileRef = 3B3B700A1BF34F7887D2E467 /* Assets.xcassets */; };
		576D9A35A7A24857A779F298 /* Assets in Resources */ = {isa = PBXBuildFile; fileRef = 4E45B1FDB6F34409941976EC /* Assets */; };
/* End PBXBuildFile section */

/* Begin PBXFileReference section */
		D5215ECF4BC1417A81246AA1 /* ZombieSurvival.app */ = {isa = PBXFileReference; explicitFileType = wrapper.application; includeInIndex = 0; path = ZombieSurvival.app; sourceTree = BUILT_PRODUCTS_DIR; };
		32681EC3699D432D87C4964D /* ZombieSurvivalApp.swift */ = {isa = PBXFileReference; lastKnownFileType = sourcecode.swift; path = ZombieSurvivalApp.swift; sourceTree = "<group>"; };
		DC541C5AA13D460D8D387BB6 /* GameContainerView.swift */ = {isa = PBXFileReference; lastKnownFileType = sourcecode.swift; path = GameContainerView.swift; sourceTree = "<group>"; };
		3C7EE623199F486F9806169A /* Balance.swift */ = {isa = PBXFileReference; lastKnownFileType = sourcecode.swift; path = Balance.swift; sourceTree = "<group>"; };
		0984AE53405A438691047883 /* Geometry.swift */ = {isa = PBXFileReference; lastKnownFileType = sourcecode.swift; path = Geometry.swift; sourceTree = "<group>"; };
		94CE523F76FE4AE18D13D209 /* AssetProvider.swift */ = {isa = PBXFileReference; lastKnownFileType = sourcecode.swift; path = AssetProvider.swift; sourceTree = "<group>"; };
		EB5CB5C5AFBF48C98AE45184 /* GameState.swift */ = {isa = PBXFileReference; lastKnownFileType = sourcecode.swift; path = GameState.swift; sourceTree = "<group>"; };
		04F3C6FF045248948A1DE9C3 /* ControlScheme.swift */ = {isa = PBXFileReference; lastKnownFileType = sourcecode.swift; path = ControlScheme.swift; sourceTree = "<group>"; };
		66EAED45A9994EF2960E126A /* VirtualJoystick.swift */ = {isa = PBXFileReference; lastKnownFileType = sourcecode.swift; path = VirtualJoystick.swift; sourceTree = "<group>"; };
		E6DD92C88D274A848F22DB7D /* DualStickControlScheme.swift */ = {isa = PBXFileReference; lastKnownFileType = sourcecode.swift; path = DualStickControlScheme.swift; sourceTree = "<group>"; };
		FB59FC4B58E54629B4F706C0 /* SingleStickAutoAimControlScheme.swift */ = {isa = PBXFileReference; lastKnownFileType = sourcecode.swift; path = SingleStickAutoAimControlScheme.swift; sourceTree = "<group>"; };
		9D4AB434CE8745088D0EB9E2 /* Weapon.swift */ = {isa = PBXFileReference; lastKnownFileType = sourcecode.swift; path = Weapon.swift; sourceTree = "<group>"; };
		BEAAFA5DFE5D4C779D8FC83D /* Player.swift */ = {isa = PBXFileReference; lastKnownFileType = sourcecode.swift; path = Player.swift; sourceTree = "<group>"; };
		8BEC479A41CF45C6B5DEADC8 /* Bullet.swift */ = {isa = PBXFileReference; lastKnownFileType = sourcecode.swift; path = Bullet.swift; sourceTree = "<group>"; };
		3E2CBED440FC4108825834EE /* Enemy.swift */ = {isa = PBXFileReference; lastKnownFileType = sourcecode.swift; path = Enemy.swift; sourceTree = "<group>"; };
		8612C36B46E3430598F19183 /* Walker.swift */ = {isa = PBXFileReference; lastKnownFileType = sourcecode.swift; path = Walker.swift; sourceTree = "<group>"; };
		91BCA71837C34F65B4A570B2 /* WeaponInventory.swift */ = {isa = PBXFileReference; lastKnownFileType = sourcecode.swift; path = WeaponInventory.swift; sourceTree = "<group>"; };
		212EEB7378FF4CE5BDFD9E63 /* Perk.swift */ = {isa = PBXFileReference; lastKnownFileType = sourcecode.swift; path = Perk.swift; sourceTree = "<group>"; };
		705901D7F6D3465894425446 /* CoinPickup.swift */ = {isa = PBXFileReference; lastKnownFileType = sourcecode.swift; path = CoinPickup.swift; sourceTree = "<group>"; };
		C7664ADC6BC64A9F9C28BAC2 /* SMG.swift */ = {isa = PBXFileReference; lastKnownFileType = sourcecode.swift; path = SMG.swift; sourceTree = "<group>"; };
		EAADE803C23C482EAE52EA6D /* Shotgun.swift */ = {isa = PBXFileReference; lastKnownFileType = sourcecode.swift; path = Shotgun.swift; sourceTree = "<group>"; };
		38FE14D387894F6F8794D0A1 /* AssaultRifle.swift */ = {isa = PBXFileReference; lastKnownFileType = sourcecode.swift; path = AssaultRifle.swift; sourceTree = "<group>"; };
		3EE9FE8A09384FA7A8BAA0FE /* Sniper.swift */ = {isa = PBXFileReference; lastKnownFileType = sourcecode.swift; path = Sniper.swift; sourceTree = "<group>"; };
		39369E1420D34FC1B62CF310 /* LMG.swift */ = {isa = PBXFileReference; lastKnownFileType = sourcecode.swift; path = LMG.swift; sourceTree = "<group>"; };
		44140FF736F248958E3A671B /* GrenadeLauncher.swift */ = {isa = PBXFileReference; lastKnownFileType = sourcecode.swift; path = GrenadeLauncher.swift; sourceTree = "<group>"; };
		C1794E17678E4066BF951920 /* ArcCannon.swift */ = {isa = PBXFileReference; lastKnownFileType = sourcecode.swift; path = ArcCannon.swift; sourceTree = "<group>"; };
		8FF120240CE847E68EC13973 /* WaveManager.swift */ = {isa = PBXFileReference; lastKnownFileType = sourcecode.swift; path = WaveManager.swift; sourceTree = "<group>"; };
		84CA81441F1D4E8491644CEE /* EconomyManager.swift */ = {isa = PBXFileReference; lastKnownFileType = sourcecode.swift; path = EconomyManager.swift; sourceTree = "<group>"; };
		693C7A76A04742248764A2E5 /* GameScene.swift */ = {isa = PBXFileReference; lastKnownFileType = sourcecode.swift; path = GameScene.swift; sourceTree = "<group>"; };
		694A593449C14C1587EFDD5D /* ShopScene.swift */ = {isa = PBXFileReference; lastKnownFileType = sourcecode.swift; path = ShopScene.swift; sourceTree = "<group>"; };
		EE08837CE17A4D4FAD1C7D08 /* HUD.swift */ = {isa = PBXFileReference; lastKnownFileType = sourcecode.swift; path = HUD.swift; sourceTree = "<group>"; };
		3B3B700A1BF34F7887D2E467 /* Assets.xcassets */ = {isa = PBXFileReference; lastKnownFileType = folder.assetcatalog; path = Assets.xcassets; sourceTree = "<group>"; };
		4E45B1FDB6F34409941976EC /* Assets */ = {isa = PBXFileReference; lastKnownFileType = folder; path = Assets; sourceTree = "<group>"; };
/* End PBXFileReference section */

/* Begin PBXFrameworksBuildPhase section */
		5461586BA94C4F90B1A49968 /* Frameworks */ = {
			isa = PBXFrameworksBuildPhase;
			buildActionMask = 2147483647;
			files = (
			);
			runOnlyForDeploymentPostprocessing = 0;
		};
/* End PBXFrameworksBuildPhase section */

/* Begin PBXGroup section */
		6A872C6F8B244941BC96B0AF = {
			isa = PBXGroup;
			children = (
				49602ADD33C44F9CA4BF2B0F /* ZombieSurvival */,
				2AD0B1773C454A68A4AE3D30 /* Products */,
			);
			sourceTree = "<group>";
		};
		49602ADD33C44F9CA4BF2B0F = {
			isa = PBXGroup;
			children = (
				32681EC3699D432D87C4964D /* ZombieSurvivalApp.swift */,
				DC541C5AA13D460D8D387BB6 /* GameContainerView.swift */,
				76AD91A4877143109B13FC24 /* Config */,
				A7F1E6BDD9C94145A164ECC1 /* Support */,
				7ED5E80D17214CEB9C1F28A9 /* State */,
				F4A7F55A7D2C4169A43BF64B /* Controls */,
				EE83D4F85783481ABC2180D2 /* Entities */,
				6F871779C4844D1B9626D32F /* Systems */,
				CF3944DCF4964E899133D4A0 /* Scenes */,
				659EB84205AE4A4C8434D31C /* HUD */,
				3B3B700A1BF34F7887D2E467 /* Assets.xcassets */,
				4E45B1FDB6F34409941976EC /* Assets */,
			);
			path = "ZombieSurvival";
			sourceTree = "<group>";
		};
		76AD91A4877143109B13FC24 = {
			isa = PBXGroup;
			children = (
				3C7EE623199F486F9806169A /* Balance.swift */,
			);
			path = "Config";
			sourceTree = "<group>";
		};
		A7F1E6BDD9C94145A164ECC1 = {
			isa = PBXGroup;
			children = (
				0984AE53405A438691047883 /* Geometry.swift */,
				94CE523F76FE4AE18D13D209 /* AssetProvider.swift */,
			);
			path = "Support";
			sourceTree = "<group>";
		};
		7ED5E80D17214CEB9C1F28A9 = {
			isa = PBXGroup;
			children = (
				EB5CB5C5AFBF48C98AE45184 /* GameState.swift */,
			);
			path = "State";
			sourceTree = "<group>";
		};
		F4A7F55A7D2C4169A43BF64B = {
			isa = PBXGroup;
			children = (
				04F3C6FF045248948A1DE9C3 /* ControlScheme.swift */,
				66EAED45A9994EF2960E126A /* VirtualJoystick.swift */,
				E6DD92C88D274A848F22DB7D /* DualStickControlScheme.swift */,
				FB59FC4B58E54629B4F706C0 /* SingleStickAutoAimControlScheme.swift */,
			);
			path = "Controls";
			sourceTree = "<group>";
		};
		EE83D4F85783481ABC2180D2 = {
			isa = PBXGroup;
			children = (
				9D4AB434CE8745088D0EB9E2 /* Weapon.swift */,
				BEAAFA5DFE5D4C779D8FC83D /* Player.swift */,
				8BEC479A41CF45C6B5DEADC8 /* Bullet.swift */,
				3E2CBED440FC4108825834EE /* Enemy.swift */,
				8612C36B46E3430598F19183 /* Walker.swift */,
				91BCA71837C34F65B4A570B2 /* WeaponInventory.swift */,
				212EEB7378FF4CE5BDFD9E63 /* Perk.swift */,
				705901D7F6D3465894425446 /* CoinPickup.swift */,
				C7664ADC6BC64A9F9C28BAC2 /* SMG.swift */,
				EAADE803C23C482EAE52EA6D /* Shotgun.swift */,
				38FE14D387894F6F8794D0A1 /* AssaultRifle.swift */,
				3EE9FE8A09384FA7A8BAA0FE /* Sniper.swift */,
				39369E1420D34FC1B62CF310 /* LMG.swift */,
				44140FF736F248958E3A671B /* GrenadeLauncher.swift */,
				C1794E17678E4066BF951920 /* ArcCannon.swift */,
			);
			path = "Entities";
			sourceTree = "<group>";
		};
		6F871779C4844D1B9626D32F = {
			isa = PBXGroup;
			children = (
				8FF120240CE847E68EC13973 /* WaveManager.swift */,
				84CA81441F1D4E8491644CEE /* EconomyManager.swift */,
			);
			path = "Systems";
			sourceTree = "<group>";
		};
		CF3944DCF4964E899133D4A0 = {
			isa = PBXGroup;
			children = (
				693C7A76A04742248764A2E5 /* GameScene.swift */,
				694A593449C14C1587EFDD5D /* ShopScene.swift */,
			);
			path = "Scenes";
			sourceTree = "<group>";
		};
		659EB84205AE4A4C8434D31C = {
			isa = PBXGroup;
			children = (
				EE08837CE17A4D4FAD1C7D08 /* HUD.swift */,
			);
			path = "HUD";
			sourceTree = "<group>";
		};
		2AD0B1773C454A68A4AE3D30 = {
			isa = PBXGroup;
			children = (
				D5215ECF4BC1417A81246AA1 /* ZombieSurvival.app */,
			);
			name = "Products";
			sourceTree = "<group>";
		};
/* End PBXGroup section */

/* Begin PBXNativeTarget section */
		5AD805B4D00944F48355AA47 /* ZombieSurvival */ = {
			isa = PBXNativeTarget;
			buildConfigurationList = 25C4D793F86E433F877E69E9 /* Build configuration list for PBXNativeTarget "ZombieSurvival" */;
			buildPhases = (
				5618B7EBF07A4D8BBAA82628 /* Sources */,
				5461586BA94C4F90B1A49968 /* Frameworks */,
				CCBEA16ED4A441A19F1D271E /* Resources */,
			);
			buildRules = (
			);
			dependencies = (
			);
			name = ZombieSurvival;
			productName = ZombieSurvival;
			productReference = D5215ECF4BC1417A81246AA1 /* ZombieSurvival.app */;
			productType = "com.apple.product-type.application";
		};
/* End PBXNativeTarget section */

/* Begin PBXProject section */
		B1EEDD84E7BC4FD98593454E /* Project object */ = {
			isa = PBXProject;
			attributes = {
				BuildIndependentTargetsInParallel = 1;
				LastSwiftUpdateCheck = 1510;
				LastUpgradeCheck = 1510;
				TargetAttributes = {
					5AD805B4D00944F48355AA47 = {
						CreatedOnToolsVersion = 15.1;
					};
				};
			};
			buildConfigurationList = F4C0AB79685F421C9C273B90 /* Build configuration list for PBXProject "ZombieSurvival" */;
			compatibilityVersion = "Xcode 14.0";
			developmentRegion = en;
			hasScannedForEncodings = 0;
			knownRegions = (
				en,
				Base,
			);
			mainGroup = 6A872C6F8B244941BC96B0AF;
			productRefGroup = 2AD0B1773C454A68A4AE3D30 /* Products */;
			projectDirPath = "";
			projectRoot = "";
			targets = (
				5AD805B4D00944F48355AA47 /* ZombieSurvival */,
			);
		};
/* End PBXProject section */

/* Begin PBXResourcesBuildPhase section */
		CCBEA16ED4A441A19F1D271E /* Resources */ = {
			isa = PBXResourcesBuildPhase;
			buildActionMask = 2147483647;
			files = (
				4233F5BD06F54BBEB6713268 /* Assets.xcassets in Resources */,
				576D9A35A7A24857A779F298 /* Assets in Resources */,
			);
			runOnlyForDeploymentPostprocessing = 0;
		};
/* End PBXResourcesBuildPhase section */

/* Begin PBXSourcesBuildPhase section */
		5618B7EBF07A4D8BBAA82628 /* Sources */ = {
			isa = PBXSourcesBuildPhase;
			buildActionMask = 2147483647;
			files = (
				F0CBD2BDA7FC4D9481C57E71 /* ZombieSurvivalApp.swift in Sources */,
				171BC243A8224A2086E8F5E1 /* GameContainerView.swift in Sources */,
				B904C1133CC642459F368DCA /* Balance.swift in Sources */,
				C5C2FA7A3AB1467E88B5FECE /* Geometry.swift in Sources */,
				2E8C448187974C818F900800 /* AssetProvider.swift in Sources */,
				F6171393BFA7403C8A687DB5 /* GameState.swift in Sources */,
				FE6345C882044D098AF70B0B /* ControlScheme.swift in Sources */,
				6D5821CB02BC45D883AEAD8D /* VirtualJoystick.swift in Sources */,
				1AE881EB342F4150A1B3BA7C /* DualStickControlScheme.swift in Sources */,
				30C2C981B75F4CCFBBF9878A /* SingleStickAutoAimControlScheme.swift in Sources */,
				5F3E9F7E3B4D48CEA73A1BE8 /* Weapon.swift in Sources */,
				13C4E7360DDD4475AA314D04 /* Player.swift in Sources */,
				22EE9D48F2704415AD6A7B81 /* Bullet.swift in Sources */,
				92BDA298F1A94B0F8347FB2E /* Enemy.swift in Sources */,
				0AEB280A93A74282A904B0B1 /* Walker.swift in Sources */,
				67AB4E593C014E22967FDF04 /* WeaponInventory.swift in Sources */,
				8EC59A40DAFD4C09A3F14A0C /* Perk.swift in Sources */,
				87A249AB9EC2454ABB5B78E5 /* CoinPickup.swift in Sources */,
				A3A0C3F115784B51A4C7986E /* SMG.swift in Sources */,
				4E4D16AF4180435FBD1775F9 /* Shotgun.swift in Sources */,
				1DD17C10FA454C3F89CE089D /* AssaultRifle.swift in Sources */,
				0B8FB1FF6C3F4DA58280FA76 /* Sniper.swift in Sources */,
				B8845A63BE2F46BC9E036D7C /* LMG.swift in Sources */,
				27FFA743D39B4D588A0987DB /* GrenadeLauncher.swift in Sources */,
				78295D4312AD49A6ACADD84C /* ArcCannon.swift in Sources */,
				E13080C6D3254FBCA632162B /* WaveManager.swift in Sources */,
				0E7B6B56C77D4DADBD0F92AD /* EconomyManager.swift in Sources */,
				4D041017C22B487ABD165D6E /* GameScene.swift in Sources */,
				73B28A5A858A47D983721580 /* ShopScene.swift in Sources */,
				6CDCC63FC1534C94B9ACCA75 /* HUD.swift in Sources */,
			);
			runOnlyForDeploymentPostprocessing = 0;
		};
/* End PBXSourcesBuildPhase section */

/* Begin XCBuildConfiguration section */
		AB3F2B552D054D858E0F765D /* Debug */ = {
			isa = XCBuildConfiguration;
			buildSettings = {
				ALWAYS_SEARCH_USER_PATHS = NO;
				ASSETCATALOG_COMPILER_GENERATE_SWIFT_ASSET_SYMBOL_EXTENSIONS = YES;
				CLANG_ANALYZER_NONNULL = YES;
				CLANG_ANALYZER_NUMBER_OBJECT_CONVERSION = YES_AGGRESSIVE;
				CLANG_CXX_LANGUAGE_STANDARD = "gnu++20";
				CLANG_ENABLE_MODULES = YES;
				CLANG_ENABLE_OBJC_ARC = YES;
				CLANG_ENABLE_OBJC_WEAK = YES;
				CLANG_WARN_BLOCK_CAPTURE_AUTORELEASING = YES;
				CLANG_WARN_BOOL_CONVERSION = YES;
				CLANG_WARN_COMMA = YES;
				CLANG_WARN_CONSTANT_CONVERSION = YES;
				CLANG_WARN_DEPRECATED_OBJC_IMPLEMENTATIONS = YES;
				CLANG_WARN_DIRECT_OBJC_ISA_USAGE = YES_ERROR;
				CLANG_WARN_DOCUMENTATION_COMMENTS = YES;
				CLANG_WARN_EMPTY_BODY = YES;
				CLANG_WARN_ENUM_CONVERSION = YES;
				CLANG_WARN_INFINITE_RECURSION = YES;
				CLANG_WARN_INT_CONVERSION = YES;
				CLANG_WARN_NON_LITERAL_NULL_CONVERSION = YES;
				CLANG_WARN_OBJC_IMPLICIT_RETAIN_SELF = YES;
				CLANG_WARN_OBJC_LITERAL_CONVERSION = YES;
				CLANG_WARN_OBJC_ROOT_CLASS = YES_ERROR;
				CLANG_WARN_QUOTED_INCLUDE_IN_FRAMEWORK_HEADER = YES;
				CLANG_WARN_RANGE_LOOP_ANALYSIS = YES;
				CLANG_WARN_STRICT_PROTOTYPES = YES;
				CLANG_WARN_SUSPICIOUS_MOVE = YES;
				CLANG_WARN_UNGUARDED_AVAILABILITY = YES_AGGRESSIVE;
				CLANG_WARN_UNREACHABLE_CODE = YES;
				CLANG_WARN__DUPLICATE_METHOD_MATCH = YES;
				COPY_PHASE_STRIP = NO;
				DEBUG_INFORMATION_FORMAT = dwarf;
				ENABLE_STRICT_OBJC_MSGSEND = YES;
				ENABLE_TESTABILITY = YES;
				ENABLE_USER_SCRIPT_SANDBOXING = YES;
				GCC_C_LANGUAGE_STANDARD = gnu17;
				GCC_DYNAMIC_NO_PIC = NO;
				GCC_NO_COMMON_BLOCKS = YES;
				GCC_OPTIMIZATION_LEVEL = 0;
				GCC_PREPROCESSOR_DEFINITIONS = (
					"DEBUG=1",
					"$(inherited)",
				);
				GCC_WARN_64_TO_32_BIT_CONVERSION = YES;
				GCC_WARN_ABOUT_RETURN_TYPE = YES_ERROR;
				GCC_WARN_UNDECLARED_SELECTOR = YES;
				GCC_WARN_UNINITIALIZED_AUTOS = YES_AGGRESSIVE;
				GCC_WARN_UNUSED_FUNCTION = YES;
				GCC_WARN_UNUSED_VARIABLE = YES;
				IPHONEOS_DEPLOYMENT_TARGET = 17.0;
				LOCALIZATION_PREFERS_STRING_CATALOGS = YES;
				MTL_ENABLE_DEBUG_INFO = INCLUDE_SOURCE;
				MTL_FAST_MATH = YES;
				ONLY_ACTIVE_ARCH = YES;
				SDKROOT = iphoneos;
				SWIFT_ACTIVE_COMPILATION_CONDITIONS = "DEBUG $(inherited)";
				SWIFT_OPTIMIZATION_LEVEL = "-Onone";
			};
			name = Debug;
		};
		767A4EA7F00D45DFB3A6558C /* Release */ = {
			isa = XCBuildConfiguration;
			buildSettings = {
				ALWAYS_SEARCH_USER_PATHS = NO;
				ASSETCATALOG_COMPILER_GENERATE_SWIFT_ASSET_SYMBOL_EXTENSIONS = YES;
				CLANG_ANALYZER_NONNULL = YES;
				CLANG_ANALYZER_NUMBER_OBJECT_CONVERSION = YES_AGGRESSIVE;
				CLANG_CXX_LANGUAGE_STANDARD = "gnu++20";
				CLANG_ENABLE_MODULES = YES;
				CLANG_ENABLE_OBJC_ARC = YES;
				CLANG_ENABLE_OBJC_WEAK = YES;
				CLANG_WARN_BLOCK_CAPTURE_AUTORELEASING = YES;
				CLANG_WARN_BOOL_CONVERSION = YES;
				CLANG_WARN_COMMA = YES;
				CLANG_WARN_CONSTANT_CONVERSION = YES;
				CLANG_WARN_DEPRECATED_OBJC_IMPLEMENTATIONS = YES;
				CLANG_WARN_DIRECT_OBJC_ISA_USAGE = YES_ERROR;
				CLANG_WARN_DOCUMENTATION_COMMENTS = YES;
				CLANG_WARN_EMPTY_BODY = YES;
				CLANG_WARN_ENUM_CONVERSION = YES;
				CLANG_WARN_INFINITE_RECURSION = YES;
				CLANG_WARN_INT_CONVERSION = YES;
				CLANG_WARN_NON_LITERAL_NULL_CONVERSION = YES;
				CLANG_WARN_OBJC_IMPLICIT_RETAIN_SELF = YES;
				CLANG_WARN_OBJC_LITERAL_CONVERSION = YES;
				CLANG_WARN_OBJC_ROOT_CLASS = YES_ERROR;
				CLANG_WARN_QUOTED_INCLUDE_IN_FRAMEWORK_HEADER = YES;
				CLANG_WARN_RANGE_LOOP_ANALYSIS = YES;
				CLANG_WARN_STRICT_PROTOTYPES = YES;
				CLANG_WARN_SUSPICIOUS_MOVE = YES;
				CLANG_WARN_UNGUARDED_AVAILABILITY = YES_AGGRESSIVE;
				CLANG_WARN_UNREACHABLE_CODE = YES;
				CLANG_WARN__DUPLICATE_METHOD_MATCH = YES;
				COPY_PHASE_STRIP = NO;
				DEBUG_INFORMATION_FORMAT = "dwarf-with-dsym";
				ENABLE_NS_ASSERTIONS = NO;
				ENABLE_STRICT_OBJC_MSGSEND = YES;
				ENABLE_USER_SCRIPT_SANDBOXING = YES;
				GCC_C_LANGUAGE_STANDARD = gnu17;
				GCC_NO_COMMON_BLOCKS = YES;
				GCC_WARN_64_TO_32_BIT_CONVERSION = YES;
				GCC_WARN_ABOUT_RETURN_TYPE = YES_ERROR;
				GCC_WARN_UNDECLARED_SELECTOR = YES;
				GCC_WARN_UNINITIALIZED_AUTOS = YES_AGGRESSIVE;
				GCC_WARN_UNUSED_FUNCTION = YES;
				GCC_WARN_UNUSED_VARIABLE = YES;
				IPHONEOS_DEPLOYMENT_TARGET = 17.0;
				LOCALIZATION_PREFERS_STRING_CATALOGS = YES;
				MTL_ENABLE_DEBUG_INFO = NO;
				MTL_FAST_MATH = YES;
				SDKROOT = iphoneos;
				SWIFT_COMPILATION_MODE = wholemodule;
				VALIDATE_PRODUCT = YES;
			};
			name = Release;
		};
		7E20979147C0449885C0CC15 /* Debug */ = {
			isa = XCBuildConfiguration;
			buildSettings = {
				ASSETCATALOG_COMPILER_APPICON_NAME = AppIcon;
				ASSETCATALOG_COMPILER_GLOBAL_ACCENT_COLOR_NAME = AccentColor;
				CODE_SIGN_STYLE = Automatic;
				CURRENT_PROJECT_VERSION = 1;
				ENABLE_PREVIEWS = YES;
				GENERATE_INFOPLIST_FILE = YES;
				INFOPLIST_KEY_UIApplicationSceneManifest_Generation = YES;
				INFOPLIST_KEY_UIApplicationSupportsIndirectInputEvents = YES;
				INFOPLIST_KEY_UILaunchScreen_Generation = YES;
				INFOPLIST_KEY_UIRequiresFullScreen = YES;
				INFOPLIST_KEY_UIStatusBarHidden = YES;
				INFOPLIST_KEY_UISupportedInterfaceOrientations = "UIInterfaceOrientationLandscapeLeft UIInterfaceOrientationLandscapeRight";
				INFOPLIST_KEY_UISupportedInterfaceOrientations_iPad = "UIInterfaceOrientationLandscapeLeft UIInterfaceOrientationLandscapeRight";
				LD_RUNPATH_SEARCH_PATHS = (
					"$(inherited)",
					"@executable_path/Frameworks",
				);
				MARKETING_VERSION = 1.0;
				PRODUCT_BUNDLE_IDENTIFIER = "com.querngd.ZombieSurvival";
				PRODUCT_NAME = "$(TARGET_NAME)";
				SWIFT_EMIT_LOC_STRINGS = YES;
				SWIFT_VERSION = 5.0;
				TARGETED_DEVICE_FAMILY = "1,2";
			};
			name = Debug;
		};
		0EA695EECE9E4C1FB499B8D7 /* Release */ = {
			isa = XCBuildConfiguration;
			buildSettings = {
				ASSETCATALOG_COMPILER_APPICON_NAME = AppIcon;
				ASSETCATALOG_COMPILER_GLOBAL_ACCENT_COLOR_NAME = AccentColor;
				CODE_SIGN_STYLE = Automatic;
				CURRENT_PROJECT_VERSION = 1;
				ENABLE_PREVIEWS = YES;
				GENERATE_INFOPLIST_FILE = YES;
				INFOPLIST_KEY_UIApplicationSceneManifest_Generation = YES;
				INFOPLIST_KEY_UIApplicationSupportsIndirectInputEvents = YES;
				INFOPLIST_KEY_UILaunchScreen_Generation = YES;
				INFOPLIST_KEY_UIRequiresFullScreen = YES;
				INFOPLIST_KEY_UIStatusBarHidden = YES;
				INFOPLIST_KEY_UISupportedInterfaceOrientations = "UIInterfaceOrientationLandscapeLeft UIInterfaceOrientationLandscapeRight";
				INFOPLIST_KEY_UISupportedInterfaceOrientations_iPad = "UIInterfaceOrientationLandscapeLeft UIInterfaceOrientationLandscapeRight";
				LD_RUNPATH_SEARCH_PATHS = (
					"$(inherited)",
					"@executable_path/Frameworks",
				);
				MARKETING_VERSION = 1.0;
				PRODUCT_BUNDLE_IDENTIFIER = "com.querngd.ZombieSurvival";
				PRODUCT_NAME = "$(TARGET_NAME)";
				SWIFT_EMIT_LOC_STRINGS = YES;
				SWIFT_VERSION = 5.0;
				TARGETED_DEVICE_FAMILY = "1,2";
			};
			name = Release;
		};
/* End XCBuildConfiguration section */

/* Begin XCConfigurationList section */
		F4C0AB79685F421C9C273B90 /* Build configuration list for PBXProject "ZombieSurvival" */ = {
			isa = XCConfigurationList;
			buildConfigurations = (
				AB3F2B552D054D858E0F765D /* Debug */,
				767A4EA7F00D45DFB3A6558C /* Release */,
			);
			defaultConfigurationIsVisible = 0;
			defaultConfigurationName = Release;
		};
		25C4D793F86E433F877E69E9 /* Build configuration list for PBXNativeTarget "ZombieSurvival" */ = {
			isa = XCConfigurationList;
			buildConfigurations = (
				7E20979147C0449885C0CC15 /* Debug */,
				0EA695EECE9E4C1FB499B8D7 /* Release */,
			);
			defaultConfigurationIsVisible = 0;
			defaultConfigurationName = Release;
		};
/* End XCConfigurationList section */
	};
	rootObject = B1EEDD84E7BC4FD98593454E /* Project object */;
}
