// !$*UTF8*$!
{
	archiveVersion = 1;
	classes = {
	};
	objectVersion = 56;
	objects = {

/* Begin PBXBuildFile section */
		E3F9815D48AE42B1BEBBC19E /* ZombieSurvivalApp.swift in Sources */ = {isa = PBXBuildFile; fileRef = BDDF0B27268C402B8B15F88A /* ZombieSurvivalApp.swift */; };
		35627C9B2C55423A9F93F689 /* GameContainerView.swift in Sources */ = {isa = PBXBuildFile; fileRef = A8B17B7465DF4B11853424C3 /* GameContainerView.swift */; };
		28481B225DA142F09CABE876 /* Balance.swift in Sources */ = {isa = PBXBuildFile; fileRef = B597E98FEF5949F589C1F123 /* Balance.swift */; };
		6DEFAAB3139B49A290D81F74 /* Geometry.swift in Sources */ = {isa = PBXBuildFile; fileRef = B6FB03879FEA4EFCBEE735D5 /* Geometry.swift */; };
		C7A68E2E6AC342A4A9337DC9 /* AssetProvider.swift in Sources */ = {isa = PBXBuildFile; fileRef = 2703CE2998F64849B9B1C758 /* AssetProvider.swift */; };
		7ADF181E3668459C85752D0E /* GameState.swift in Sources */ = {isa = PBXBuildFile; fileRef = 976B392E606E4F599C320F0B /* GameState.swift */; };
		1D76A370BBA9432895EF44C6 /* ControlScheme.swift in Sources */ = {isa = PBXBuildFile; fileRef = 65666E8A780B43CAB272AE51 /* ControlScheme.swift */; };
		FA3C61DEDCD143C9B8B6BA00 /* VirtualJoystick.swift in Sources */ = {isa = PBXBuildFile; fileRef = BC001D043DBE47999AFCF5B6 /* VirtualJoystick.swift */; };
		18EFAD6476C4421BBA23B5DD /* DualStickControlScheme.swift in Sources */ = {isa = PBXBuildFile; fileRef = E9EF79F5A9DB42A8B0AF0C13 /* DualStickControlScheme.swift */; };
		5276CEC5F65248929B0C7D13 /* SingleStickAutoAimControlScheme.swift in Sources */ = {isa = PBXBuildFile; fileRef = 67B0C0F614EC4475BBA356AE /* SingleStickAutoAimControlScheme.swift */; };
		0721771B76B940F8B5729F95 /* Weapon.swift in Sources */ = {isa = PBXBuildFile; fileRef = 891E865B9F204E26A16FB484 /* Weapon.swift */; };
		FBD6934C968346DD9FB69CA7 /* Player.swift in Sources */ = {isa = PBXBuildFile; fileRef = 8247A3FACF98418E96B152DC /* Player.swift */; };
		1FA4861C6A614A88824F6B3B /* Bullet.swift in Sources */ = {isa = PBXBuildFile; fileRef = DC40E5489A674B4995C6E3BB /* Bullet.swift */; };
		F9A739F0EA60435682E1DAF7 /* Enemy.swift in Sources */ = {isa = PBXBuildFile; fileRef = C7F90ED44CA34D6FB9B1124C /* Enemy.swift */; };
		885B1E0C9A9449E185E91457 /* Walker.swift in Sources */ = {isa = PBXBuildFile; fileRef = 7585F0EB8AD9455BA8B52714 /* Walker.swift */; };
		1063F5C87EAE42F2B3BC4471 /* WeaponInventory.swift in Sources */ = {isa = PBXBuildFile; fileRef = E2C66CBA9F694631A16B583B /* WeaponInventory.swift */; };
		9AE54B9EA0C74031B1D3EEDA /* Perk.swift in Sources */ = {isa = PBXBuildFile; fileRef = 649196D3A9C8476CBD3A0713 /* Perk.swift */; };
		BC2E5FDC78D7443CB0F70FE0 /* CoinPickup.swift in Sources */ = {isa = PBXBuildFile; fileRef = 282E3DDEBF5144B78650F8C6 /* CoinPickup.swift */; };
		6B38A5CE3F224808B3C69C85 /* SMG.swift in Sources */ = {isa = PBXBuildFile; fileRef = 2386B0E93D174C05AEA217CC /* SMG.swift */; };
		4C8F9E3EF50A41DD87E2B719 /* Shotgun.swift in Sources */ = {isa = PBXBuildFile; fileRef = AA1AB15F56C14B70AC26A7A5 /* Shotgun.swift */; };
		6ADA012305AD4079B411E678 /* AssaultRifle.swift in Sources */ = {isa = PBXBuildFile; fileRef = 1FEFA078B072439A83170F73 /* AssaultRifle.swift */; };
		7A81CC10BD7A4A8F9AAB0720 /* Sniper.swift in Sources */ = {isa = PBXBuildFile; fileRef = 951333734CC043E5AEB805F6 /* Sniper.swift */; };
		5504C837C0184E6CAA4FCF61 /* LMG.swift in Sources */ = {isa = PBXBuildFile; fileRef = 854856CC6DF74993BED10AF7 /* LMG.swift */; };
		0C637BE4B35D4DC799834FC9 /* GrenadeLauncher.swift in Sources */ = {isa = PBXBuildFile; fileRef = 4FC858A9D07B4E9A99DB8DB3 /* GrenadeLauncher.swift */; };
		2A8DA57B9E3A42BAB2973EDF /* ArcCannon.swift in Sources */ = {isa = PBXBuildFile; fileRef = FE7A4B40889B4F6F989EC9CB /* ArcCannon.swift */; };
		8E1791CB01F046CEBEEFD5D6 /* WaveManager.swift in Sources */ = {isa = PBXBuildFile; fileRef = D18D895D0FD04B0BBA03CADF /* WaveManager.swift */; };
		996D27B96AB74E3899715576 /* EconomyManager.swift in Sources */ = {isa = PBXBuildFile; fileRef = 9E7BD8C6CB8D41A2960AD4E2 /* EconomyManager.swift */; };
		0F9BEFD8CD06434F9471C351 /* SaveSlot.swift in Sources */ = {isa = PBXBuildFile; fileRef = 33485EBA8C4D40D2B38F9118 /* SaveSlot.swift */; };
		7CAE9D97DF99466080A53A91 /* SaveManager.swift in Sources */ = {isa = PBXBuildFile; fileRef = 3A073FEF4FFE44E7B56A9635 /* SaveManager.swift */; };
		775C8DFAF5EA4EBB991EA90C /* SettingsStore.swift in Sources */ = {isa = PBXBuildFile; fileRef = A1D5CE1EA51145BFA8DDA209 /* SettingsStore.swift */; };
		10EEB8C6B2B24411B86CEBA8 /* AudioManager.swift in Sources */ = {isa = PBXBuildFile; fileRef = B2317657EBA2471A830AA8E6 /* AudioManager.swift */; };
		379FA65A2A464BCF8BB7F6B5 /* GameScene.swift in Sources */ = {isa = PBXBuildFile; fileRef = 1A64EB7EBC374885BFB1B3CD /* GameScene.swift */; };
		3D0848D5EEDC487BAA2A82E0 /* ShopScene.swift in Sources */ = {isa = PBXBuildFile; fileRef = B867F31344474F0B9FDCEC9B /* ShopScene.swift */; };
		A9CE5D22D3E9438BA14BB8B5 /* MainMenuScene.swift in Sources */ = {isa = PBXBuildFile; fileRef = 7B951DEAC85C4F52B89FE8F0 /* MainMenuScene.swift */; };
		F8694613C48749E9AFD2BAA8 /* MapSelectScene.swift in Sources */ = {isa = PBXBuildFile; fileRef = 7ADB73F3E2E7410590A7E3A6 /* MapSelectScene.swift */; };
		E22364595C124D20AF2B6E06 /* LoadGameScene.swift in Sources */ = {isa = PBXBuildFile; fileRef = DF0FD9F6DD134279B936AAA7 /* LoadGameScene.swift */; };
		0B8263CC43D34CAA89D3D323 /* SettingsScene.swift in Sources */ = {isa = PBXBuildFile; fileRef = 7AE0A630B80B46478711C8F0 /* SettingsScene.swift */; };
		19ED112CE2F44647B3D90406 /* PauseMenuScene.swift in Sources */ = {isa = PBXBuildFile; fileRef = 8E6A8CDBA6564D3CADE8DE76 /* PauseMenuScene.swift */; };
		1C3A1C81E20A436F94911B18 /* HUD.swift in Sources */ = {isa = PBXBuildFile; fileRef = B0D6B7680E2C4DBEBDEE5AD5 /* HUD.swift */; };
		325BD53649884067A0D9D80B /* Assets.xcassets in Resources */ = {isa = PBXBuildFile; fileRef = 6DDD8C368E22435CA9919D24 /* Assets.xcassets */; };
		7CD310E374F64477B221DA4F /* Assets in Resources */ = {isa = PBXBuildFile; fileRef = 082B78C6C70F414EA8D068A5 /* Assets */; };
/* End PBXBuildFile section */

/* Begin PBXFileReference section */
		F9AB3CFDA9EE4BEB9DCE7BBB /* ZombieSurvival.app */ = {isa = PBXFileReference; explicitFileType = wrapper.application; includeInIndex = 0; path = ZombieSurvival.app; sourceTree = BUILT_PRODUCTS_DIR; };
		BDDF0B27268C402B8B15F88A /* ZombieSurvivalApp.swift */ = {isa = PBXFileReference; lastKnownFileType = sourcecode.swift; path = ZombieSurvivalApp.swift; sourceTree = "<group>"; };
		A8B17B7465DF4B11853424C3 /* GameContainerView.swift */ = {isa = PBXFileReference; lastKnownFileType = sourcecode.swift; path = GameContainerView.swift; sourceTree = "<group>"; };
		B597E98FEF5949F589C1F123 /* Balance.swift */ = {isa = PBXFileReference; lastKnownFileType = sourcecode.swift; path = Balance.swift; sourceTree = "<group>"; };
		B6FB03879FEA4EFCBEE735D5 /* Geometry.swift */ = {isa = PBXFileReference; lastKnownFileType = sourcecode.swift; path = Geometry.swift; sourceTree = "<group>"; };
		2703CE2998F64849B9B1C758 /* AssetProvider.swift */ = {isa = PBXFileReference; lastKnownFileType = sourcecode.swift; path = AssetProvider.swift; sourceTree = "<group>"; };
		976B392E606E4F599C320F0B /* GameState.swift */ = {isa = PBXFileReference; lastKnownFileType = sourcecode.swift; path = GameState.swift; sourceTree = "<group>"; };
		65666E8A780B43CAB272AE51 /* ControlScheme.swift */ = {isa = PBXFileReference; lastKnownFileType = sourcecode.swift; path = ControlScheme.swift; sourceTree = "<group>"; };
		BC001D043DBE47999AFCF5B6 /* VirtualJoystick.swift */ = {isa = PBXFileReference; lastKnownFileType = sourcecode.swift; path = VirtualJoystick.swift; sourceTree = "<group>"; };
		E9EF79F5A9DB42A8B0AF0C13 /* DualStickControlScheme.swift */ = {isa = PBXFileReference; lastKnownFileType = sourcecode.swift; path = DualStickControlScheme.swift; sourceTree = "<group>"; };
		67B0C0F614EC4475BBA356AE /* SingleStickAutoAimControlScheme.swift */ = {isa = PBXFileReference; lastKnownFileType = sourcecode.swift; path = SingleStickAutoAimControlScheme.swift; sourceTree = "<group>"; };
		891E865B9F204E26A16FB484 /* Weapon.swift */ = {isa = PBXFileReference; lastKnownFileType = sourcecode.swift; path = Weapon.swift; sourceTree = "<group>"; };
		8247A3FACF98418E96B152DC /* Player.swift */ = {isa = PBXFileReference; lastKnownFileType = sourcecode.swift; path = Player.swift; sourceTree = "<group>"; };
		DC40E5489A674B4995C6E3BB /* Bullet.swift */ = {isa = PBXFileReference; lastKnownFileType = sourcecode.swift; path = Bullet.swift; sourceTree = "<group>"; };
		C7F90ED44CA34D6FB9B1124C /* Enemy.swift */ = {isa = PBXFileReference; lastKnownFileType = sourcecode.swift; path = Enemy.swift; sourceTree = "<group>"; };
		7585F0EB8AD9455BA8B52714 /* Walker.swift */ = {isa = PBXFileReference; lastKnownFileType = sourcecode.swift; path = Walker.swift; sourceTree = "<group>"; };
		E2C66CBA9F694631A16B583B /* WeaponInventory.swift */ = {isa = PBXFileReference; lastKnownFileType = sourcecode.swift; path = WeaponInventory.swift; sourceTree = "<group>"; };
		649196D3A9C8476CBD3A0713 /* Perk.swift */ = {isa = PBXFileReference; lastKnownFileType = sourcecode.swift; path = Perk.swift; sourceTree = "<group>"; };
		282E3DDEBF5144B78650F8C6 /* CoinPickup.swift */ = {isa = PBXFileReference; lastKnownFileType = sourcecode.swift; path = CoinPickup.swift; sourceTree = "<group>"; };
		2386B0E93D174C05AEA217CC /* SMG.swift */ = {isa = PBXFileReference; lastKnownFileType = sourcecode.swift; path = SMG.swift; sourceTree = "<group>"; };
		AA1AB15F56C14B70AC26A7A5 /* Shotgun.swift */ = {isa = PBXFileReference; lastKnownFileType = sourcecode.swift; path = Shotgun.swift; sourceTree = "<group>"; };
		1FEFA078B072439A83170F73 /* AssaultRifle.swift */ = {isa = PBXFileReference; lastKnownFileType = sourcecode.swift; path = AssaultRifle.swift; sourceTree = "<group>"; };
		951333734CC043E5AEB805F6 /* Sniper.swift */ = {isa = PBXFileReference; lastKnownFileType = sourcecode.swift; path = Sniper.swift; sourceTree = "<group>"; };
		854856CC6DF74993BED10AF7 /* LMG.swift */ = {isa = PBXFileReference; lastKnownFileType = sourcecode.swift; path = LMG.swift; sourceTree = "<group>"; };
		4FC858A9D07B4E9A99DB8DB3 /* GrenadeLauncher.swift */ = {isa = PBXFileReference; lastKnownFileType = sourcecode.swift; path = GrenadeLauncher.swift; sourceTree = "<group>"; };
		FE7A4B40889B4F6F989EC9CB /* ArcCannon.swift */ = {isa = PBXFileReference; lastKnownFileType = sourcecode.swift; path = ArcCannon.swift; sourceTree = "<group>"; };
		D18D895D0FD04B0BBA03CADF /* WaveManager.swift */ = {isa = PBXFileReference; lastKnownFileType = sourcecode.swift; path = WaveManager.swift; sourceTree = "<group>"; };
		9E7BD8C6CB8D41A2960AD4E2 /* EconomyManager.swift */ = {isa = PBXFileReference; lastKnownFileType = sourcecode.swift; path = EconomyManager.swift; sourceTree = "<group>"; };
		33485EBA8C4D40D2B38F9118 /* SaveSlot.swift */ = {isa = PBXFileReference; lastKnownFileType = sourcecode.swift; path = SaveSlot.swift; sourceTree = "<group>"; };
		3A073FEF4FFE44E7B56A9635 /* SaveManager.swift */ = {isa = PBXFileReference; lastKnownFileType = sourcecode.swift; path = SaveManager.swift; sourceTree = "<group>"; };
		A1D5CE1EA51145BFA8DDA209 /* SettingsStore.swift */ = {isa = PBXFileReference; lastKnownFileType = sourcecode.swift; path = SettingsStore.swift; sourceTree = "<group>"; };
		B2317657EBA2471A830AA8E6 /* AudioManager.swift */ = {isa = PBXFileReference; lastKnownFileType = sourcecode.swift; path = AudioManager.swift; sourceTree = "<group>"; };
		1A64EB7EBC374885BFB1B3CD /* GameScene.swift */ = {isa = PBXFileReference; lastKnownFileType = sourcecode.swift; path = GameScene.swift; sourceTree = "<group>"; };
		B867F31344474F0B9FDCEC9B /* ShopScene.swift */ = {isa = PBXFileReference; lastKnownFileType = sourcecode.swift; path = ShopScene.swift; sourceTree = "<group>"; };
		7B951DEAC85C4F52B89FE8F0 /* MainMenuScene.swift */ = {isa = PBXFileReference; lastKnownFileType = sourcecode.swift; path = MainMenuScene.swift; sourceTree = "<group>"; };
		7ADB73F3E2E7410590A7E3A6 /* MapSelectScene.swift */ = {isa = PBXFileReference; lastKnownFileType = sourcecode.swift; path = MapSelectScene.swift; sourceTree = "<group>"; };
		DF0FD9F6DD134279B936AAA7 /* LoadGameScene.swift */ = {isa = PBXFileReference; lastKnownFileType = sourcecode.swift; path = LoadGameScene.swift; sourceTree = "<group>"; };
		7AE0A630B80B46478711C8F0 /* SettingsScene.swift */ = {isa = PBXFileReference; lastKnownFileType = sourcecode.swift; path = SettingsScene.swift; sourceTree = "<group>"; };
		8E6A8CDBA6564D3CADE8DE76 /* PauseMenuScene.swift */ = {isa = PBXFileReference; lastKnownFileType = sourcecode.swift; path = PauseMenuScene.swift; sourceTree = "<group>"; };
		B0D6B7680E2C4DBEBDEE5AD5 /* HUD.swift */ = {isa = PBXFileReference; lastKnownFileType = sourcecode.swift; path = HUD.swift; sourceTree = "<group>"; };
		6DDD8C368E22435CA9919D24 /* Assets.xcassets */ = {isa = PBXFileReference; lastKnownFileType = folder.assetcatalog; path = Assets.xcassets; sourceTree = "<group>"; };
		082B78C6C70F414EA8D068A5 /* Assets */ = {isa = PBXFileReference; lastKnownFileType = folder; path = Assets; sourceTree = "<group>"; };
/* End PBXFileReference section */

/* Begin PBXFrameworksBuildPhase section */
		D47EA87C02A54B7095CB9673 /* Frameworks */ = {
			isa = PBXFrameworksBuildPhase;
			buildActionMask = 2147483647;
			files = (
			);
			runOnlyForDeploymentPostprocessing = 0;
		};
/* End PBXFrameworksBuildPhase section */

/* Begin PBXGroup section */
		ADCE38DA1346442DAD26FC0A = {
			isa = PBXGroup;
			children = (
				65978EA5A4954B079F5F57CF /* ZombieSurvival */,
				091AF52EA523494FB3890AC3 /* Products */,
			);
			sourceTree = "<group>";
		};
		65978EA5A4954B079F5F57CF = {
			isa = PBXGroup;
			children = (
				BDDF0B27268C402B8B15F88A /* ZombieSurvivalApp.swift */,
				A8B17B7465DF4B11853424C3 /* GameContainerView.swift */,
				240ACD5AB07441E8B679C321 /* Config */,
				D9CB5A0CC2D04CC3946C525D /* Support */,
				F643D0F819BD4932BE92BD8B /* State */,
				1A8D81856E0E46119C3C279F /* Controls */,
				C20ECC9353F743A2B64BBDB1 /* Entities */,
				B1114003BDBD4ABC8A5F4680 /* Systems */,
				D1371747F858412BB4378C93 /* Scenes */,
				D9ECF799F2244BEBBB166C1F /* HUD */,
				6DDD8C368E22435CA9919D24 /* Assets.xcassets */,
				082B78C6C70F414EA8D068A5 /* Assets */,
			);
			path = "ZombieSurvival";
			sourceTree = "<group>";
		};
		240ACD5AB07441E8B679C321 = {
			isa = PBXGroup;
			children = (
				B597E98FEF5949F589C1F123 /* Balance.swift */,
			);
			path = "Config";
			sourceTree = "<group>";
		};
		D9CB5A0CC2D04CC3946C525D = {
			isa = PBXGroup;
			children = (
				B6FB03879FEA4EFCBEE735D5 /* Geometry.swift */,
				2703CE2998F64849B9B1C758 /* AssetProvider.swift */,
			);
			path = "Support";
			sourceTree = "<group>";
		};
		F643D0F819BD4932BE92BD8B = {
			isa = PBXGroup;
			children = (
				976B392E606E4F599C320F0B /* GameState.swift */,
			);
			path = "State";
			sourceTree = "<group>";
		};
		1A8D81856E0E46119C3C279F = {
			isa = PBXGroup;
			children = (
				65666E8A780B43CAB272AE51 /* ControlScheme.swift */,
				BC001D043DBE47999AFCF5B6 /* VirtualJoystick.swift */,
				E9EF79F5A9DB42A8B0AF0C13 /* DualStickControlScheme.swift */,
				67B0C0F614EC4475BBA356AE /* SingleStickAutoAimControlScheme.swift */,
			);
			path = "Controls";
			sourceTree = "<group>";
		};
		C20ECC9353F743A2B64BBDB1 = {
			isa = PBXGroup;
			children = (
				891E865B9F204E26A16FB484 /* Weapon.swift */,
				8247A3FACF98418E96B152DC /* Player.swift */,
				DC40E5489A674B4995C6E3BB /* Bullet.swift */,
				C7F90ED44CA34D6FB9B1124C /* Enemy.swift */,
				7585F0EB8AD9455BA8B52714 /* Walker.swift */,
				E2C66CBA9F694631A16B583B /* WeaponInventory.swift */,
				649196D3A9C8476CBD3A0713 /* Perk.swift */,
				282E3DDEBF5144B78650F8C6 /* CoinPickup.swift */,
				2386B0E93D174C05AEA217CC /* SMG.swift */,
				AA1AB15F56C14B70AC26A7A5 /* Shotgun.swift */,
				1FEFA078B072439A83170F73 /* AssaultRifle.swift */,
				951333734CC043E5AEB805F6 /* Sniper.swift */,
				854856CC6DF74993BED10AF7 /* LMG.swift */,
				4FC858A9D07B4E9A99DB8DB3 /* GrenadeLauncher.swift */,
				FE7A4B40889B4F6F989EC9CB /* ArcCannon.swift */,
			);
			path = "Entities";
			sourceTree = "<group>";
		};
		B1114003BDBD4ABC8A5F4680 = {
			isa = PBXGroup;
			children = (
				D18D895D0FD04B0BBA03CADF /* WaveManager.swift */,
				9E7BD8C6CB8D41A2960AD4E2 /* EconomyManager.swift */,
				33485EBA8C4D40D2B38F9118 /* SaveSlot.swift */,
				3A073FEF4FFE44E7B56A9635 /* SaveManager.swift */,
				A1D5CE1EA51145BFA8DDA209 /* SettingsStore.swift */,
				B2317657EBA2471A830AA8E6 /* AudioManager.swift */,
			);
			path = "Systems";
			sourceTree = "<group>";
		};
		D1371747F858412BB4378C93 = {
			isa = PBXGroup;
			children = (
				1A64EB7EBC374885BFB1B3CD /* GameScene.swift */,
				B867F31344474F0B9FDCEC9B /* ShopScene.swift */,
				7B951DEAC85C4F52B89FE8F0 /* MainMenuScene.swift */,
				7ADB73F3E2E7410590A7E3A6 /* MapSelectScene.swift */,
				DF0FD9F6DD134279B936AAA7 /* LoadGameScene.swift */,
				7AE0A630B80B46478711C8F0 /* SettingsScene.swift */,
				8E6A8CDBA6564D3CADE8DE76 /* PauseMenuScene.swift */,
			);
			path = "Scenes";
			sourceTree = "<group>";
		};
		D9ECF799F2244BEBBB166C1F = {
			isa = PBXGroup;
			children = (
				B0D6B7680E2C4DBEBDEE5AD5 /* HUD.swift */,
			);
			path = "HUD";
			sourceTree = "<group>";
		};
		091AF52EA523494FB3890AC3 = {
			isa = PBXGroup;
			children = (
				F9AB3CFDA9EE4BEB9DCE7BBB /* ZombieSurvival.app */,
			);
			name = "Products";
			sourceTree = "<group>";
		};
/* End PBXGroup section */

/* Begin PBXNativeTarget section */
		E2F240759D1842F59E590F7A /* ZombieSurvival */ = {
			isa = PBXNativeTarget;
			buildConfigurationList = 84E34E47A935475D959D7372 /* Build configuration list for PBXNativeTarget "ZombieSurvival" */;
			buildPhases = (
				9D8D5089880D4A3FBC29ADFA /* Sources */,
				D47EA87C02A54B7095CB9673 /* Frameworks */,
				501BBD1C52944D9ABA2DC580 /* Resources */,
			);
			buildRules = (
			);
			dependencies = (
			);
			name = ZombieSurvival;
			productName = ZombieSurvival;
			productReference = F9AB3CFDA9EE4BEB9DCE7BBB /* ZombieSurvival.app */;
			productType = "com.apple.product-type.application";
		};
/* End PBXNativeTarget section */

/* Begin PBXProject section */
		B1A746CE8DBA4F46AE32FF89 /* Project object */ = {
			isa = PBXProject;
			attributes = {
				BuildIndependentTargetsInParallel = 1;
				LastSwiftUpdateCheck = 1510;
				LastUpgradeCheck = 1510;
				TargetAttributes = {
					E2F240759D1842F59E590F7A = {
						CreatedOnToolsVersion = 15.1;
					};
				};
			};
			buildConfigurationList = 614BA9BBB1E84F23A4AA80A9 /* Build configuration list for PBXProject "ZombieSurvival" */;
			compatibilityVersion = "Xcode 14.0";
			developmentRegion = en;
			hasScannedForEncodings = 0;
			knownRegions = (
				en,
				Base,
			);
			mainGroup = ADCE38DA1346442DAD26FC0A;
			productRefGroup = 091AF52EA523494FB3890AC3 /* Products */;
			projectDirPath = "";
			projectRoot = "";
			targets = (
				E2F240759D1842F59E590F7A /* ZombieSurvival */,
			);
		};
/* End PBXProject section */

/* Begin PBXResourcesBuildPhase section */
		501BBD1C52944D9ABA2DC580 /* Resources */ = {
			isa = PBXResourcesBuildPhase;
			buildActionMask = 2147483647;
			files = (
				325BD53649884067A0D9D80B /* Assets.xcassets in Resources */,
				7CD310E374F64477B221DA4F /* Assets in Resources */,
			);
			runOnlyForDeploymentPostprocessing = 0;
		};
/* End PBXResourcesBuildPhase section */

/* Begin PBXSourcesBuildPhase section */
		9D8D5089880D4A3FBC29ADFA /* Sources */ = {
			isa = PBXSourcesBuildPhase;
			buildActionMask = 2147483647;
			files = (
				E3F9815D48AE42B1BEBBC19E /* ZombieSurvivalApp.swift in Sources */,
				35627C9B2C55423A9F93F689 /* GameContainerView.swift in Sources */,
				28481B225DA142F09CABE876 /* Balance.swift in Sources */,
				6DEFAAB3139B49A290D81F74 /* Geometry.swift in Sources */,
				C7A68E2E6AC342A4A9337DC9 /* AssetProvider.swift in Sources */,
				7ADF181E3668459C85752D0E /* GameState.swift in Sources */,
				1D76A370BBA9432895EF44C6 /* ControlScheme.swift in Sources */,
				FA3C61DEDCD143C9B8B6BA00 /* VirtualJoystick.swift in Sources */,
				18EFAD6476C4421BBA23B5DD /* DualStickControlScheme.swift in Sources */,
				5276CEC5F65248929B0C7D13 /* SingleStickAutoAimControlScheme.swift in Sources */,
				0721771B76B940F8B5729F95 /* Weapon.swift in Sources */,
				FBD6934C968346DD9FB69CA7 /* Player.swift in Sources */,
				1FA4861C6A614A88824F6B3B /* Bullet.swift in Sources */,
				F9A739F0EA60435682E1DAF7 /* Enemy.swift in Sources */,
				885B1E0C9A9449E185E91457 /* Walker.swift in Sources */,
				1063F5C87EAE42F2B3BC4471 /* WeaponInventory.swift in Sources */,
				9AE54B9EA0C74031B1D3EEDA /* Perk.swift in Sources */,
				BC2E5FDC78D7443CB0F70FE0 /* CoinPickup.swift in Sources */,
				6B38A5CE3F224808B3C69C85 /* SMG.swift in Sources */,
				4C8F9E3EF50A41DD87E2B719 /* Shotgun.swift in Sources */,
				6ADA012305AD4079B411E678 /* AssaultRifle.swift in Sources */,
				7A81CC10BD7A4A8F9AAB0720 /* Sniper.swift in Sources */,
				5504C837C0184E6CAA4FCF61 /* LMG.swift in Sources */,
				0C637BE4B35D4DC799834FC9 /* GrenadeLauncher.swift in Sources */,
				2A8DA57B9E3A42BAB2973EDF /* ArcCannon.swift in Sources */,
				8E1791CB01F046CEBEEFD5D6 /* WaveManager.swift in Sources */,
				996D27B96AB74E3899715576 /* EconomyManager.swift in Sources */,
				0F9BEFD8CD06434F9471C351 /* SaveSlot.swift in Sources */,
				7CAE9D97DF99466080A53A91 /* SaveManager.swift in Sources */,
				775C8DFAF5EA4EBB991EA90C /* SettingsStore.swift in Sources */,
				10EEB8C6B2B24411B86CEBA8 /* AudioManager.swift in Sources */,
				379FA65A2A464BCF8BB7F6B5 /* GameScene.swift in Sources */,
				3D0848D5EEDC487BAA2A82E0 /* ShopScene.swift in Sources */,
				A9CE5D22D3E9438BA14BB8B5 /* MainMenuScene.swift in Sources */,
				F8694613C48749E9AFD2BAA8 /* MapSelectScene.swift in Sources */,
				E22364595C124D20AF2B6E06 /* LoadGameScene.swift in Sources */,
				0B8263CC43D34CAA89D3D323 /* SettingsScene.swift in Sources */,
				19ED112CE2F44647B3D90406 /* PauseMenuScene.swift in Sources */,
				1C3A1C81E20A436F94911B18 /* HUD.swift in Sources */,
			);
			runOnlyForDeploymentPostprocessing = 0;
		};
/* End PBXSourcesBuildPhase section */

/* Begin XCBuildConfiguration section */
		C64B55FCBB7F44829F654BC9 /* Debug */ = {
			isa = XCBuildConfiguration;
			buildSettings = {
				ALWAYS_SEARCH_USER_PATHS = NO;
				ASSETCATALOG_COMPILER_GENERATE_SWIFT_ASSET_SYMBOL_EXTENSIONS = YES;
				CLANG_ANALYZER_NONNULL = YES;
				CLANG_ANALYZER_NUMBER_OBJECT_CONVERSION = YES_AGGRESSIVE;
				CLANG_CXX_LANGUAGE_STANDARD = "gnu++20";
				CLANG_ENABLE_MODULES = YES;
				CLANG_ENABLE_OBJC_ARC = YES;
				CLANG_ENABLE_OBJC_WEAK = YES;
				CLANG_WARN_BLOCK_CAPTURE_AUTORELEASING = YES;
				CLANG_WARN_BOOL_CONVERSION = YES;
				CLANG_WARN_COMMA = YES;
				CLANG_WARN_CONSTANT_CONVERSION = YES;
				CLANG_WARN_DEPRECATED_OBJC_IMPLEMENTATIONS = YES;
				CLANG_WARN_DIRECT_OBJC_ISA_USAGE = YES_ERROR;
				CLANG_WARN_DOCUMENTATION_COMMENTS = YES;
				CLANG_WARN_EMPTY_BODY = YES;
				CLANG_WARN_ENUM_CONVERSION = YES;
				CLANG_WARN_INFINITE_RECURSION = YES;
				CLANG_WARN_INT_CONVERSION = YES;
				CLANG_WARN_NON_LITERAL_NULL_CONVERSION = YES;
				CLANG_WARN_OBJC_IMPLICIT_RETAIN_SELF = YES;
				CLANG_WARN_OBJC_LITERAL_CONVERSION = YES;
				CLANG_WARN_OBJC_ROOT_CLASS = YES_ERROR;
				CLANG_WARN_QUOTED_INCLUDE_IN_FRAMEWORK_HEADER = YES;
				CLANG_WARN_RANGE_LOOP_ANALYSIS = YES;
				CLANG_WARN_STRICT_PROTOTYPES = YES;
				CLANG_WARN_SUSPICIOUS_MOVE = YES;
				CLANG_WARN_UNGUARDED_AVAILABILITY = YES_AGGRESSIVE;
				CLANG_WARN_UNREACHABLE_CODE = YES;
				CLANG_WARN__DUPLICATE_METHOD_MATCH = YES;
				COPY_PHASE_STRIP = NO;
				DEBUG_INFORMATION_FORMAT = dwarf;
				ENABLE_STRICT_OBJC_MSGSEND = YES;
				ENABLE_TESTABILITY = YES;
				ENABLE_USER_SCRIPT_SANDBOXING = YES;
				GCC_C_LANGUAGE_STANDARD = gnu17;
				GCC_DYNAMIC_NO_PIC = NO;
				GCC_NO_COMMON_BLOCKS = YES;
				GCC_OPTIMIZATION_LEVEL = 0;
				GCC_PREPROCESSOR_DEFINITIONS = (
					"DEBUG=1",
					"$(inherited)",
				);
				GCC_WARN_64_TO_32_BIT_CONVERSION = YES;
				GCC_WARN_ABOUT_RETURN_TYPE = YES_ERROR;
				GCC_WARN_UNDECLARED_SELECTOR = YES;
				GCC_WARN_UNINITIALIZED_AUTOS = YES_AGGRESSIVE;
				GCC_WARN_UNUSED_FUNCTION = YES;
				GCC_WARN_UNUSED_VARIABLE = YES;
				IPHONEOS_DEPLOYMENT_TARGET = 17.0;
				LOCALIZATION_PREFERS_STRING_CATALOGS = YES;
				MTL_ENABLE_DEBUG_INFO = INCLUDE_SOURCE;
				MTL_FAST_MATH = YES;
				ONLY_ACTIVE_ARCH = YES;
				SDKROOT = iphoneos;
				SWIFT_ACTIVE_COMPILATION_CONDITIONS = "DEBUG $(inherited)";
				SWIFT_OPTIMIZATION_LEVEL = "-Onone";
			};
			name = Debug;
		};
		998F36479FE14764A7FCD953 /* Release */ = {
			isa = XCBuildConfiguration;
			buildSettings = {
				ALWAYS_SEARCH_USER_PATHS = NO;
				ASSETCATALOG_COMPILER_GENERATE_SWIFT_ASSET_SYMBOL_EXTENSIONS = YES;
				CLANG_ANALYZER_NONNULL = YES;
				CLANG_ANALYZER_NUMBER_OBJECT_CONVERSION = YES_AGGRESSIVE;
				CLANG_CXX_LANGUAGE_STANDARD = "gnu++20";
				CLANG_ENABLE_MODULES = YES;
				CLANG_ENABLE_OBJC_ARC = YES;
				CLANG_ENABLE_OBJC_WEAK = YES;
				CLANG_WARN_BLOCK_CAPTURE_AUTORELEASING = YES;
				CLANG_WARN_BOOL_CONVERSION = YES;
				CLANG_WARN_COMMA = YES;
				CLANG_WARN_CONSTANT_CONVERSION = YES;
				CLANG_WARN_DEPRECATED_OBJC_IMPLEMENTATIONS = YES;
				CLANG_WARN_DIRECT_OBJC_ISA_USAGE = YES_ERROR;
				CLANG_WARN_DOCUMENTATION_COMMENTS = YES;
				CLANG_WARN_EMPTY_BODY = YES;
				CLANG_WARN_ENUM_CONVERSION = YES;
				CLANG_WARN_INFINITE_RECURSION = YES;
				CLANG_WARN_INT_CONVERSION = YES;
				CLANG_WARN_NON_LITERAL_NULL_CONVERSION = YES;
				CLANG_WARN_OBJC_IMPLICIT_RETAIN_SELF = YES;
				CLANG_WARN_OBJC_LITERAL_CONVERSION = YES;
				CLANG_WARN_OBJC_ROOT_CLASS = YES_ERROR;
				CLANG_WARN_QUOTED_INCLUDE_IN_FRAMEWORK_HEADER = YES;
				CLANG_WARN_RANGE_LOOP_ANALYSIS = YES;
				CLANG_WARN_STRICT_PROTOTYPES = YES;
				CLANG_WARN_SUSPICIOUS_MOVE = YES;
				CLANG_WARN_UNGUARDED_AVAILABILITY = YES_AGGRESSIVE;
				CLANG_WARN_UNREACHABLE_CODE = YES;
				CLANG_WARN__DUPLICATE_METHOD_MATCH = YES;
				COPY_PHASE_STRIP = NO;
				DEBUG_INFORMATION_FORMAT = "dwarf-with-dsym";
				ENABLE_NS_ASSERTIONS = NO;
				ENABLE_STRICT_OBJC_MSGSEND = YES;
				ENABLE_USER_SCRIPT_SANDBOXING = YES;
				GCC_C_LANGUAGE_STANDARD = gnu17;
				GCC_NO_COMMON_BLOCKS = YES;
				GCC_WARN_64_TO_32_BIT_CONVERSION = YES;
				GCC_WARN_ABOUT_RETURN_TYPE = YES_ERROR;
				GCC_WARN_UNDECLARED_SELECTOR = YES;
				GCC_WARN_UNINITIALIZED_AUTOS = YES_AGGRESSIVE;
				GCC_WARN_UNUSED_FUNCTION = YES;
				GCC_WARN_UNUSED_VARIABLE = YES;
				IPHONEOS_DEPLOYMENT_TARGET = 17.0;
				LOCALIZATION_PREFERS_STRING_CATALOGS = YES;
				MTL_ENABLE_DEBUG_INFO = NO;
				MTL_FAST_MATH = YES;
				SDKROOT = iphoneos;
				SWIFT_COMPILATION_MODE = wholemodule;
				VALIDATE_PRODUCT = YES;
			};
			name = Release;
		};
		19D53255B6394840A87BC5A0 /* Debug */ = {
			isa = XCBuildConfiguration;
			buildSettings = {
				ASSETCATALOG_COMPILER_APPICON_NAME = AppIcon;
				ASSETCATALOG_COMPILER_GLOBAL_ACCENT_COLOR_NAME = AccentColor;
				CODE_SIGN_STYLE = Automatic;
				CURRENT_PROJECT_VERSION = 1;
				ENABLE_PREVIEWS = YES;
				GENERATE_INFOPLIST_FILE = YES;
				INFOPLIST_KEY_UIApplicationSceneManifest_Generation = YES;
				INFOPLIST_KEY_UIApplicationSupportsIndirectInputEvents = YES;
				INFOPLIST_KEY_UILaunchScreen_Generation = YES;
				INFOPLIST_KEY_UIRequiresFullScreen = YES;
				INFOPLIST_KEY_UIStatusBarHidden = YES;
				INFOPLIST_KEY_UISupportedInterfaceOrientations = "UIInterfaceOrientationLandscapeLeft UIInterfaceOrientationLandscapeRight";
				INFOPLIST_KEY_UISupportedInterfaceOrientations_iPad = "UIInterfaceOrientationLandscapeLeft UIInterfaceOrientationLandscapeRight";
				LD_RUNPATH_SEARCH_PATHS = (
					"$(inherited)",
					"@executable_path/Frameworks",
				);
				MARKETING_VERSION = 1.0;
				PRODUCT_BUNDLE_IDENTIFIER = "com.querngd.ZombieSurvival";
				PRODUCT_NAME = "$(TARGET_NAME)";
				SWIFT_EMIT_LOC_STRINGS = YES;
				SWIFT_VERSION = 5.0;
				TARGETED_DEVICE_FAMILY = "1,2";
			};
			name = Debug;
		};
		3C37F0511D97424C92CAE238 /* Release */ = {
			isa = XCBuildConfiguration;
			buildSettings = {
				ASSETCATALOG_COMPILER_APPICON_NAME = AppIcon;
				ASSETCATALOG_COMPILER_GLOBAL_ACCENT_COLOR_NAME = AccentColor;
				CODE_SIGN_STYLE = Automatic;
				CURRENT_PROJECT_VERSION = 1;
				ENABLE_PREVIEWS = YES;
				GENERATE_INFOPLIST_FILE = YES;
				INFOPLIST_KEY_UIApplicationSceneManifest_Generation = YES;
				INFOPLIST_KEY_UIApplicationSupportsIndirectInputEvents = YES;
				INFOPLIST_KEY_UILaunchScreen_Generation = YES;
				INFOPLIST_KEY_UIRequiresFullScreen = YES;
				INFOPLIST_KEY_UIStatusBarHidden = YES;
				INFOPLIST_KEY_UISupportedInterfaceOrientations = "UIInterfaceOrientationLandscapeLeft UIInterfaceOrientationLandscapeRight";
				INFOPLIST_KEY_UISupportedInterfaceOrientations_iPad = "UIInterfaceOrientationLandscapeLeft UIInterfaceOrientationLandscapeRight";
				LD_RUNPATH_SEARCH_PATHS = (
					"$(inherited)",
					"@executable_path/Frameworks",
				);
				MARKETING_VERSION = 1.0;
				PRODUCT_BUNDLE_IDENTIFIER = "com.querngd.ZombieSurvival";
				PRODUCT_NAME = "$(TARGET_NAME)";
				SWIFT_EMIT_LOC_STRINGS = YES;
				SWIFT_VERSION = 5.0;
				TARGETED_DEVICE_FAMILY = "1,2";
			};
			name = Release;
		};
/* End XCBuildConfiguration section */

/* Begin XCConfigurationList section */
		614BA9BBB1E84F23A4AA80A9 /* Build configuration list for PBXProject "ZombieSurvival" */ = {
			isa = XCConfigurationList;
			buildConfigurations = (
				C64B55FCBB7F44829F654BC9 /* Debug */,
				998F36479FE14764A7FCD953 /* Release */,
			);
			defaultConfigurationIsVisible = 0;
			defaultConfigurationName = Release;
		};
		84E34E47A935475D959D7372 /* Build configuration list for PBXNativeTarget "ZombieSurvival" */ = {
			isa = XCConfigurationList;
			buildConfigurations = (
				19D53255B6394840A87BC5A0 /* Debug */,
				3C37F0511D97424C92CAE238 /* Release */,
			);
			defaultConfigurationIsVisible = 0;
			defaultConfigurationName = Release;
		};
/* End XCConfigurationList section */
	};
	rootObject = B1A746CE8DBA4F46AE32FF89 /* Project object */;
}
