// !$*UTF8*$!
{
	archiveVersion = 1;
	classes = {
	};
	objectVersion = 56;
	objects = {

/* Begin PBXBuildFile section */
		3F9F89ABD7B44DFAB5B796F6 /* ZombieSurvivalApp.swift in Sources */ = {isa = PBXBuildFile; fileRef = CF1D2A1F0BCE442591C51FB9 /* ZombieSurvivalApp.swift */; };
		AA41ECFBF4ED4552B917DC57 /* GameContainerView.swift in Sources */ = {isa = PBXBuildFile; fileRef = 928CA0079D0A4D3496DD056C /* GameContainerView.swift */; };
		3C67B69215FC488CBEB66623 /* Balance.swift in Sources */ = {isa = PBXBuildFile; fileRef = 16A16ED8EC4B48BFA68CE056 /* Balance.swift */; };
		90A8ED05A9AB40DE938509C0 /* RaycasterConfig.swift in Sources */ = {isa = PBXBuildFile; fileRef = 017D1ECAD1E343E9938DB792 /* RaycasterConfig.swift */; };
		AF873F07649B4B4EBC64F16C /* Geometry.swift in Sources */ = {isa = PBXBuildFile; fileRef = C18CC18C60994C588420AE28 /* Geometry.swift */; };
		85B46FAC01E1450BB769C42C /* AssetProvider.swift in Sources */ = {isa = PBXBuildFile; fileRef = 1D49FFE2728A407B98AEC557 /* AssetProvider.swift */; };
		B59591D34FEE4D56986C7C87 /* GameState.swift in Sources */ = {isa = PBXBuildFile; fileRef = F8EE36C3012A44CB899E3CB6 /* GameState.swift */; };
		65D3A60C4B3A4F3ABCD5208A /* ControlScheme.swift in Sources */ = {isa = PBXBuildFile; fileRef = B80AD7BD7768454DA12FB84E /* ControlScheme.swift */; };
		43CA91578C8B47F68A1F2071 /* VirtualJoystick.swift in Sources */ = {isa = PBXBuildFile; fileRef = 64460F5D9C0D4249B6E32BFB /* VirtualJoystick.swift */; };
		F7521398CF1047FBAF44818C /* FPSControls.swift in Sources */ = {isa = PBXBuildFile; fileRef = 20DAC5D38132435F909D006E /* FPSControls.swift */; };
		4D101B9FAEBB4B789ABF8500 /* Weapon.swift in Sources */ = {isa = PBXBuildFile; fileRef = 06BD4DEDD17743E49DC6A77F /* Weapon.swift */; };
		066559D0C5E0453B9A619389 /* Player.swift in Sources */ = {isa = PBXBuildFile; fileRef = C04EC14A2ED64CA3B5CD65FA /* Player.swift */; };
		02DB7C57BD364B348E74D0BF /* Bullet.swift in Sources */ = {isa = PBXBuildFile; fileRef = 065287A94FA5487F9704DC5D /* Bullet.swift */; };
		9076B24AF9784D41A59F8E14 /* Enemy.swift in Sources */ = {isa = PBXBuildFile; fileRef = A1DAEC12AAA74004947A27EB /* Enemy.swift */; };
		C8A5AFC0790D46EE80324A9E /* Walker.swift in Sources */ = {isa = PBXBuildFile; fileRef = CF73BEF9DA834D63A554F607 /* Walker.swift */; };
		E3DAC5DE31ED4A1390671E35 /* WeaponInventory.swift in Sources */ = {isa = PBXBuildFile; fileRef = 4B775D4077934220819836D2 /* WeaponInventory.swift */; };
		CB2D137D5D944B7FBFC66687 /* Perk.swift in Sources */ = {isa = PBXBuildFile; fileRef = DF8E2F3ED2D34629B4CC0B21 /* Perk.swift */; };
		6113DFD1086B47E3B1A8C97D /* CoinPickup.swift in Sources */ = {isa = PBXBuildFile; fileRef = C96B6CD2DBCC49C7B0A31743 /* CoinPickup.swift */; };
		9CE3FC316CA2412FA1019772 /* SMG.swift in Sources */ = {isa = PBXBuildFile; fileRef = D414B8F44EED4BE9A299BC22 /* SMG.swift */; };
		18C6E3ACD4624BB3A97588EA /* Shotgun.swift in Sources */ = {isa = PBXBuildFile; fileRef = CC1218858B4A46A29726B127 /* Shotgun.swift */; };
		B68212D37337465FBC731CFC /* AssaultRifle.swift in Sources */ = {isa = PBXBuildFile; fileRef = 43A4B56CB04B4910BB477A57 /* AssaultRifle.swift */; };
		0D4D7349F2FA4C0191387287 /* Sniper.swift in Sources */ = {isa = PBXBuildFile; fileRef = 4DD86B9F870F4C75A22C2FAC /* Sniper.swift */; };
		22C3974EA7284A7DA765B0F0 /* LMG.swift in Sources */ = {isa = PBXBuildFile; fileRef = C952684CF9C6417C9B36200A /* LMG.swift */; };
		C30E1B3B4A6B475FBB8C4F17 /* GrenadeLauncher.swift in Sources */ = {isa = PBXBuildFile; fileRef = 7D237B7D049D47539DE98F86 /* GrenadeLauncher.swift */; };
		8A541576075A451F9C0D7C86 /* ArcCannon.swift in Sources */ = {isa = PBXBuildFile; fileRef = 691EA868CADE4301BEE39A95 /* ArcCannon.swift */; };
		9FF0E2D3EB8346B19417F0AC /* WaveManager.swift in Sources */ = {isa = PBXBuildFile; fileRef = 46A50E5EE8644E85A9CF8DC7 /* WaveManager.swift */; };
		90E7D502D748436FBB2497E3 /* EconomyManager.swift in Sources */ = {isa = PBXBuildFile; fileRef = E2CEB5219B1D480CADAEBF07 /* EconomyManager.swift */; };
		94D59AFD8A754E7D94F57E2E /* SaveSlot.swift in Sources */ = {isa = PBXBuildFile; fileRef = 8159621DAEEB408A9B760383 /* SaveSlot.swift */; };
		8DEFEDAF756F4C48AB87AFAE /* SaveManager.swift in Sources */ = {isa = PBXBuildFile; fileRef = 71172588329443DD9D35FBFB /* SaveManager.swift */; };
		CAE7A8F81082490C9C7AFD0B /* SettingsStore.swift in Sources */ = {isa = PBXBuildFile; fileRef = 75CAE2AC2CE64EEBA03C7C9E /* SettingsStore.swift */; };
		C49583F3B7704745800AD911 /* AudioManager.swift in Sources */ = {isa = PBXBuildFile; fileRef = 56463E014FA04DEDA5B4CD71 /* AudioManager.swift */; };
		5BAEE1AA4C564E08BE2258FA /* MapLayouts.swift in Sources */ = {isa = PBXBuildFile; fileRef = 5CF89DF4575A45B08F13E9FE /* MapLayouts.swift */; };
		448A10C2B7F44BC9B14C739E /* NavGrid.swift in Sources */ = {isa = PBXBuildFile; fileRef = D8F691D4A3B84B8A9108B2DB /* NavGrid.swift */; };
		CA90CAAD0F37494CA9752003 /* MapModel.swift in Sources */ = {isa = PBXBuildFile; fileRef = 20EA7ADBDBA440108565C8CB /* MapModel.swift */; };
		194A2D440A90479F9CF54AD9 /* HitscanResolver.swift in Sources */ = {isa = PBXBuildFile; fileRef = 390C4D85090C47679DB076C6 /* HitscanResolver.swift */; };
		23CE75B01D914BDEA7A77F2A /* WallTextureCache.swift in Sources */ = {isa = PBXBuildFile; fileRef = DC7EC37C372442ADBD48284C /* WallTextureCache.swift */; };
		3C6218EAC83D48D0A1FC5A6A /* RaycastRenderer.swift in Sources */ = {isa = PBXBuildFile; fileRef = 873A659753DD459AA4EE52CC /* RaycastRenderer.swift */; };
		7716A918D06E42789417C94D /* BillboardRenderer.swift in Sources */ = {isa = PBXBuildFile; fileRef = 729072329D944D47BE695329 /* BillboardRenderer.swift */; };
		7DAF772652314191A0B6B662 /* WeaponViewModel.swift in Sources */ = {isa = PBXBuildFile; fileRef = 16EF5A7A8A7144BCB2051A54 /* WeaponViewModel.swift */; };
		71033BA2A44F4543BF12EDE3 /* GameScene.swift in Sources */ = {isa = PBXBuildFile; fileRef = 91573995F2644A318FA2DBC9 /* GameScene.swift */; };
		60CC63A733F04A96B16142C1 /* ShopScene.swift in Sources */ = {isa = PBXBuildFile; fileRef = 5E572B902D29447BBC1D70BE /* ShopScene.swift */; };
		184D4B9083D84C23ADD95214 /* MainMenuScene.swift in Sources */ = {isa = PBXBuildFile; fileRef = 98515A15F8C24CE1918AD06F /* MainMenuScene.swift */; };
		927B6C714F5149D49A9A0F25 /* MapSelectScene.swift in Sources */ = {isa = PBXBuildFile; fileRef = 4EF330D1DFD54FD6BC7DA062 /* MapSelectScene.swift */; };
		7BFC6488135846ACA1388C86 /* LoadGameScene.swift in Sources */ = {isa = PBXBuildFile; fileRef = 8D124127BC3949F7BD1E4299 /* LoadGameScene.swift */; };
		D95A45DDA87046758BB605B5 /* SettingsScene.swift in Sources */ = {isa = PBXBuildFile; fileRef = 09A73E216E4D4F64B63B4A16 /* SettingsScene.swift */; };
		4666975B79AC49349265FD6C /* PauseMenuScene.swift in Sources */ = {isa = PBXBuildFile; fileRef = 6F480DB7E091433BB5CCE669 /* PauseMenuScene.swift */; };
		EA353D75AB92419ABA21AC95 /* HUD.swift in Sources */ = {isa = PBXBuildFile; fileRef = BA7E7B9A276B42F3BC891D03 /* HUD.swift */; };
		795F671D853549FEBDC2B374 /* Assets.xcassets in Resources */ = {isa = PBXBuildFile; fileRef = DEBDCF921B5B4FDE8439BA64 /* Assets.xcassets */; };
		DD465BD1CCA94610BF4B5E76 /* Assets in Resources */ = {isa = PBXBuildFile; fileRef = 8646B4E3D65A48E8B6EBCAA2 /* Assets */; };
/* End PBXBuildFile section */

/* Begin PBXFileReference section */
		E583CEF0329A4BF7ACEBD4EC /* ZombieSurvival.app */ = {isa = PBXFileReference; explicitFileType = wrapper.application; includeInIndex = 0; path = ZombieSurvival.app; sourceTree = BUILT_PRODUCTS_DIR; };
		CF1D2A1F0BCE442591C51FB9 /* ZombieSurvivalApp.swift */ = {isa = PBXFileReference; lastKnownFileType = sourcecode.swift; path = ZombieSurvivalApp.swift; sourceTree = "<group>"; };
		928CA0079D0A4D3496DD056C /* GameContainerView.swift */ = {isa = PBXFileReference; lastKnownFileType = sourcecode.swift; path = GameContainerView.swift; sourceTree = "<group>"; };
		16A16ED8EC4B48BFA68CE056 /* Balance.swift */ = {isa = PBXFileReference; lastKnownFileType = sourcecode.swift; path = Balance.swift; sourceTree = "<group>"; };
		017D1ECAD1E343E9938DB792 /* RaycasterConfig.swift */ = {isa = PBXFileReference; lastKnownFileType = sourcecode.swift; path = RaycasterConfig.swift; sourceTree = "<group>"; };
		C18CC18C60994C588420AE28 /* Geometry.swift */ = {isa = PBXFileReference; lastKnownFileType = sourcecode.swift; path = Geometry.swift; sourceTree = "<group>"; };
		1D49FFE2728A407B98AEC557 /* AssetProvider.swift */ = {isa = PBXFileReference; lastKnownFileType = sourcecode.swift; path = AssetProvider.swift; sourceTree = "<group>"; };
		F8EE36C3012A44CB899E3CB6 /* GameState.swift */ = {isa = PBXFileReference; lastKnownFileType = sourcecode.swift; path = GameState.swift; sourceTree = "<group>"; };
		B80AD7BD7768454DA12FB84E /* ControlScheme.swift */ = {isa = PBXFileReference; lastKnownFileType = sourcecode.swift; path = ControlScheme.swift; sourceTree = "<group>"; };
		64460F5D9C0D4249B6E32BFB /* VirtualJoystick.swift */ = {isa = PBXFileReference; lastKnownFileType = sourcecode.swift; path = VirtualJoystick.swift; sourceTree = "<group>"; };
		20DAC5D38132435F909D006E /* FPSControls.swift */ = {isa = PBXFileReference; lastKnownFileType = sourcecode.swift; path = FPSControls.swift; sourceTree = "<group>"; };
		06BD4DEDD17743E49DC6A77F /* Weapon.swift */ = {isa = PBXFileReference; lastKnownFileType = sourcecode.swift; path = Weapon.swift; sourceTree = "<group>"; };
		C04EC14A2ED64CA3B5CD65FA /* Player.swift */ = {isa = PBXFileReference; lastKnownFileType = sourcecode.swift; path = Player.swift; sourceTree = "<group>"; };
		065287A94FA5487F9704DC5D /* Bullet.swift */ = {isa = PBXFileReference; lastKnownFileType = sourcecode.swift; path = Bullet.swift; sourceTree = "<group>"; };
		A1DAEC12AAA74004947A27EB /* Enemy.swift */ = {isa = PBXFileReference; lastKnownFileType = sourcecode.swift; path = Enemy.swift; sourceTree = "<group>"; };
		CF73BEF9DA834D63A554F607 /* Walker.swift */ = {isa = PBXFileReference; lastKnownFileType = sourcecode.swift; path = Walker.swift; sourceTree = "<group>"; };
		4B775D4077934220819836D2 /* WeaponInventory.swift */ = {isa = PBXFileReference; lastKnownFileType = sourcecode.swift; path = WeaponInventory.swift; sourceTree = "<group>"; };
		DF8E2F3ED2D34629B4CC0B21 /* Perk.swift */ = {isa = PBXFileReference; lastKnownFileType = sourcecode.swift; path = Perk.swift; sourceTree = "<group>"; };
		C96B6CD2DBCC49C7B0A31743 /* CoinPickup.swift */ = {isa = PBXFileReference; lastKnownFileType = sourcecode.swift; path = CoinPickup.swift; sourceTree = "<group>"; };
		D414B8F44EED4BE9A299BC22 /* SMG.swift */ = {isa = PBXFileReference; lastKnownFileType = sourcecode.swift; path = SMG.swift; sourceTree = "<group>"; };
		CC1218858B4A46A29726B127 /* Shotgun.swift */ = {isa = PBXFileReference; lastKnownFileType = sourcecode.swift; path = Shotgun.swift; sourceTree = "<group>"; };
		43A4B56CB04B4910BB477A57 /* AssaultRifle.swift */ = {isa = PBXFileReference; lastKnownFileType = sourcecode.swift; path = AssaultRifle.swift; sourceTree = "<group>"; };
		4DD86B9F870F4C75A22C2FAC /* Sniper.swift */ = {isa = PBXFileReference; lastKnownFileType = sourcecode.swift; path = Sniper.swift; sourceTree = "<group>"; };
		C952684CF9C6417C9B36200A /* LMG.swift */ = {isa = PBXFileReference; lastKnownFileType = sourcecode.swift; path = LMG.swift; sourceTree = "<group>"; };
		7D237B7D049D47539DE98F86 /* GrenadeLauncher.swift */ = {isa = PBXFileReference; lastKnownFileType = sourcecode.swift; path = GrenadeLauncher.swift; sourceTree = "<group>"; };
		691EA868CADE4301BEE39A95 /* ArcCannon.swift */ = {isa = PBXFileReference; lastKnownFileType = sourcecode.swift; path = ArcCannon.swift; sourceTree = "<group>"; };
		46A50E5EE8644E85A9CF8DC7 /* WaveManager.swift */ = {isa = PBXFileReference; lastKnownFileType = sourcecode.swift; path = WaveManager.swift; sourceTree = "<group>"; };
		E2CEB5219B1D480CADAEBF07 /* EconomyManager.swift */ = {isa = PBXFileReference; lastKnownFileType = sourcecode.swift; path = EconomyManager.swift; sourceTree = "<group>"; };
		8159621DAEEB408A9B760383 /* SaveSlot.swift */ = {isa = PBXFileReference; lastKnownFileType = sourcecode.swift; path = SaveSlot.swift; sourceTree = "<group>"; };
		71172588329443DD9D35FBFB /* SaveManager.swift */ = {isa = PBXFileReference; lastKnownFileType = sourcecode.swift; path = SaveManager.swift; sourceTree = "<group>"; };
		75CAE2AC2CE64EEBA03C7C9E /* SettingsStore.swift */ = {isa = PBXFileReference; lastKnownFileType = sourcecode.swift; path = SettingsStore.swift; sourceTree = "<group>"; };
		56463E014FA04DEDA5B4CD71 /* AudioManager.swift */ = {isa = PBXFileReference; lastKnownFileType = sourcecode.swift; path = AudioManager.swift; sourceTree = "<group>"; };
		5CF89DF4575A45B08F13E9FE /* MapLayouts.swift */ = {isa = PBXFileReference; lastKnownFileType = sourcecode.swift; path = MapLayouts.swift; sourceTree = "<group>"; };
		D8F691D4A3B84B8A9108B2DB /* NavGrid.swift */ = {isa = PBXFileReference; lastKnownFileType = sourcecode.swift; path = NavGrid.swift; sourceTree = "<group>"; };
		20EA7ADBDBA440108565C8CB /* MapModel.swift */ = {isa = PBXFileReference; lastKnownFileType = sourcecode.swift; path = MapModel.swift; sourceTree = "<group>"; };
		390C4D85090C47679DB076C6 /* HitscanResolver.swift */ = {isa = PBXFileReference; lastKnownFileType = sourcecode.swift; path = HitscanResolver.swift; sourceTree = "<group>"; };
		DC7EC37C372442ADBD48284C /* WallTextureCache.swift */ = {isa = PBXFileReference; lastKnownFileType = sourcecode.swift; path = WallTextureCache.swift; sourceTree = "<group>"; };
		873A659753DD459AA4EE52CC /* RaycastRenderer.swift */ = {isa = PBXFileReference; lastKnownFileType = sourcecode.swift; path = RaycastRenderer.swift; sourceTree = "<group>"; };
		729072329D944D47BE695329 /* BillboardRenderer.swift */ = {isa = PBXFileReference; lastKnownFileType = sourcecode.swift; path = BillboardRenderer.swift; sourceTree = "<group>"; };
		16EF5A7A8A7144BCB2051A54 /* WeaponViewModel.swift */ = {isa = PBXFileReference; lastKnownFileType = sourcecode.swift; path = WeaponViewModel.swift; sourceTree = "<group>"; };
		91573995F2644A318FA2DBC9 /* GameScene.swift */ = {isa = PBXFileReference; lastKnownFileType = sourcecode.swift; path = GameScene.swift; sourceTree = "<group>"; };
		5E572B902D29447BBC1D70BE /* ShopScene.swift */ = {isa = PBXFileReference; lastKnownFileType = sourcecode.swift; path = ShopScene.swift; sourceTree = "<group>"; };
		98515A15F8C24CE1918AD06F /* MainMenuScene.swift */ = {isa = PBXFileReference; lastKnownFileType = sourcecode.swift; path = MainMenuScene.swift; sourceTree = "<group>"; };
		4EF330D1DFD54FD6BC7DA062 /* MapSelectScene.swift */ = {isa = PBXFileReference; lastKnownFileType = sourcecode.swift; path = MapSelectScene.swift; sourceTree = "<group>"; };
		8D124127BC3949F7BD1E4299 /* LoadGameScene.swift */ = {isa = PBXFileReference; lastKnownFileType = sourcecode.swift; path = LoadGameScene.swift; sourceTree = "<group>"; };
		09A73E216E4D4F64B63B4A16 /* SettingsScene.swift */ = {isa = PBXFileReference; lastKnownFileType = sourcecode.swift; path = SettingsScene.swift; sourceTree = "<group>"; };
		6F480DB7E091433BB5CCE669 /* PauseMenuScene.swift */ = {isa = PBXFileReference; lastKnownFileType = sourcecode.swift; path = PauseMenuScene.swift; sourceTree = "<group>"; };
		BA7E7B9A276B42F3BC891D03 /* HUD.swift */ = {isa = PBXFileReference; lastKnownFileType = sourcecode.swift; path = HUD.swift; sourceTree = "<group>"; };
		DEBDCF921B5B4FDE8439BA64 /* Assets.xcassets */ = {isa = PBXFileReference; lastKnownFileType = folder.assetcatalog; path = Assets.xcassets; sourceTree = "<group>"; };
		8646B4E3D65A48E8B6EBCAA2 /* Assets */ = {isa = PBXFileReference; lastKnownFileType = folder; path = Assets; sourceTree = "<group>"; };
/* End PBXFileReference section */

/* Begin PBXFrameworksBuildPhase section */
		BAAB3C1D4FDC424D92DB9416 /* Frameworks */ = {
			isa = PBXFrameworksBuildPhase;
			buildActionMask = 2147483647;
			files = (
			);
			runOnlyForDeploymentPostprocessing = 0;
		};
/* End PBXFrameworksBuildPhase section */

/* Begin PBXGroup section */
		717380A7A93941EF82518239 = {
			isa = PBXGroup;
			children = (
				3641BC0A1A0F405EB8023135 /* ZombieSurvival */,
				A05E14783DC34E88A0A263F7 /* Products */,
			);
			sourceTree = "<group>";
		};
		3641BC0A1A0F405EB8023135 = {
			isa = PBXGroup;
			children = (
				CF1D2A1F0BCE442591C51FB9 /* ZombieSurvivalApp.swift */,
				928CA0079D0A4D3496DD056C /* GameContainerView.swift */,
				6F0EF9FB92934184A312F514 /* Config */,
				3E1AE82C8E844A779F768771 /* Support */,
				1AD49D1587C1459DBA054621 /* State */,
				7613F15EE29B4AA9A4C1A1DA /* Controls */,
				B5E123337A4541DFAD1A0360 /* Entities */,
				987EAE9884AE496DBDFBA057 /* Systems */,
				734DED81683842B29CAED6BE /* Raycaster */,
				EB6AF2E93C934023855F9963 /* Scenes */,
				7D7E1FFE245441BCBBDB305E /* HUD */,
				DEBDCF921B5B4FDE8439BA64 /* Assets.xcassets */,
				8646B4E3D65A48E8B6EBCAA2 /* Assets */,
			);
			path = "ZombieSurvival";
			sourceTree = "<group>";
		};
		6F0EF9FB92934184A312F514 = {
			isa = PBXGroup;
			children = (
				16A16ED8EC4B48BFA68CE056 /* Balance.swift */,
				017D1ECAD1E343E9938DB792 /* RaycasterConfig.swift */,
			);
			path = "Config";
			sourceTree = "<group>";
		};
		3E1AE82C8E844A779F768771 = {
			isa = PBXGroup;
			children = (
				C18CC18C60994C588420AE28 /* Geometry.swift */,
				1D49FFE2728A407B98AEC557 /* AssetProvider.swift */,
			);
			path = "Support";
			sourceTree = "<group>";
		};
		1AD49D1587C1459DBA054621 = {
			isa = PBXGroup;
			children = (
				F8EE36C3012A44CB899E3CB6 /* GameState.swift */,
			);
			path = "State";
			sourceTree = "<group>";
		};
		7613F15EE29B4AA9A4C1A1DA = {
			isa = PBXGroup;
			children = (
				B80AD7BD7768454DA12FB84E /* ControlScheme.swift */,
				64460F5D9C0D4249B6E32BFB /* VirtualJoystick.swift */,
				20DAC5D38132435F909D006E /* FPSControls.swift */,
			);
			path = "Controls";
			sourceTree = "<group>";
		};
		B5E123337A4541DFAD1A0360 = {
			isa = PBXGroup;
			children = (
				06BD4DEDD17743E49DC6A77F /* Weapon.swift */,
				C04EC14A2ED64CA3B5CD65FA /* Player.swift */,
				065287A94FA5487F9704DC5D /* Bullet.swift */,
				A1DAEC12AAA74004947A27EB /* Enemy.swift */,
				CF73BEF9DA834D63A554F607 /* Walker.swift */,
				4B775D4077934220819836D2 /* WeaponInventory.swift */,
				DF8E2F3ED2D34629B4CC0B21 /* Perk.swift */,
				C96B6CD2DBCC49C7B0A31743 /* CoinPickup.swift */,
				D414B8F44EED4BE9A299BC22 /* SMG.swift */,
				CC1218858B4A46A29726B127 /* Shotgun.swift */,
				43A4B56CB04B4910BB477A57 /* AssaultRifle.swift */,
				4DD86B9F870F4C75A22C2FAC /* Sniper.swift */,
				C952684CF9C6417C9B36200A /* LMG.swift */,
				7D237B7D049D47539DE98F86 /* GrenadeLauncher.swift */,
				691EA868CADE4301BEE39A95 /* ArcCannon.swift */,
			);
			path = "Entities";
			sourceTree = "<group>";
		};
		987EAE9884AE496DBDFBA057 = {
			isa = PBXGroup;
			children = (
				46A50E5EE8644E85A9CF8DC7 /* WaveManager.swift */,
				E2CEB5219B1D480CADAEBF07 /* EconomyManager.swift */,
				8159621DAEEB408A9B760383 /* SaveSlot.swift */,
				71172588329443DD9D35FBFB /* SaveManager.swift */,
				75CAE2AC2CE64EEBA03C7C9E /* SettingsStore.swift */,
				56463E014FA04DEDA5B4CD71 /* AudioManager.swift */,
				5CF89DF4575A45B08F13E9FE /* MapLayouts.swift */,
				D8F691D4A3B84B8A9108B2DB /* NavGrid.swift */,
				20EA7ADBDBA440108565C8CB /* MapModel.swift */,
				390C4D85090C47679DB076C6 /* HitscanResolver.swift */,
			);
			path = "Systems";
			sourceTree = "<group>";
		};
		734DED81683842B29CAED6BE = {
			isa = PBXGroup;
			children = (
				DC7EC37C372442ADBD48284C /* WallTextureCache.swift */,
				873A659753DD459AA4EE52CC /* RaycastRenderer.swift */,
				729072329D944D47BE695329 /* BillboardRenderer.swift */,
				16EF5A7A8A7144BCB2051A54 /* WeaponViewModel.swift */,
			);
			path = "Raycaster";
			sourceTree = "<group>";
		};
		EB6AF2E93C934023855F9963 = {
			isa = PBXGroup;
			children = (
				91573995F2644A318FA2DBC9 /* GameScene.swift */,
				5E572B902D29447BBC1D70BE /* ShopScene.swift */,
				98515A15F8C24CE1918AD06F /* MainMenuScene.swift */,
				4EF330D1DFD54FD6BC7DA062 /* MapSelectScene.swift */,
				8D124127BC3949F7BD1E4299 /* LoadGameScene.swift */,
				09A73E216E4D4F64B63B4A16 /* SettingsScene.swift */,
				6F480DB7E091433BB5CCE669 /* PauseMenuScene.swift */,
			);
			path = "Scenes";
			sourceTree = "<group>";
		};
		7D7E1FFE245441BCBBDB305E = {
			isa = PBXGroup;
			children = (
				BA7E7B9A276B42F3BC891D03 /* HUD.swift */,
			);
			path = "HUD";
			sourceTree = "<group>";
		};
		A05E14783DC34E88A0A263F7 = {
			isa = PBXGroup;
			children = (
				E583CEF0329A4BF7ACEBD4EC /* ZombieSurvival.app */,
			);
			name = "Products";
			sourceTree = "<group>";
		};
/* End PBXGroup section */

/* Begin PBXNativeTarget section */
		6471D42EB9764AF2B308B788 /* ZombieSurvival */ = {
			isa = PBXNativeTarget;
			buildConfigurationList = BFF6C3EF13A44131975B6FD4 /* Build configuration list for PBXNativeTarget "ZombieSurvival" */;
			buildPhases = (
				0A929FB655F04EB9AAFC7B08 /* Sources */,
				BAAB3C1D4FDC424D92DB9416 /* Frameworks */,
				2C3EA2BF8CC447908E5A3019 /* Resources */,
			);
			buildRules = (
			);
			dependencies = (
			);
			name = ZombieSurvival;
			productName = ZombieSurvival;
			productReference = E583CEF0329A4BF7ACEBD4EC /* ZombieSurvival.app */;
			productType = "com.apple.product-type.application";
		};
/* End PBXNativeTarget section */

/* Begin PBXProject section */
		F673F2FAC255454BB63F98F9 /* Project object */ = {
			isa = PBXProject;
			attributes = {
				BuildIndependentTargetsInParallel = 1;
				LastSwiftUpdateCheck = 1510;
				LastUpgradeCheck = 1510;
				TargetAttributes = {
					6471D42EB9764AF2B308B788 = {
						CreatedOnToolsVersion = 15.1;
					};
				};
			};
			buildConfigurationList = D514EDEABC7E4BF5B7F77623 /* Build configuration list for PBXProject "ZombieSurvival" */;
			compatibilityVersion = "Xcode 14.0";
			developmentRegion = en;
			hasScannedForEncodings = 0;
			knownRegions = (
				en,
				Base,
			);
			mainGroup = 717380A7A93941EF82518239;
			productRefGroup = A05E14783DC34E88A0A263F7 /* Products */;
			projectDirPath = "";
			projectRoot = "";
			targets = (
				6471D42EB9764AF2B308B788 /* ZombieSurvival */,
			);
		};
/* End PBXProject section */

/* Begin PBXResourcesBuildPhase section */
		2C3EA2BF8CC447908E5A3019 /* Resources */ = {
			isa = PBXResourcesBuildPhase;
			buildActionMask = 2147483647;
			files = (
				795F671D853549FEBDC2B374 /* Assets.xcassets in Resources */,
				DD465BD1CCA94610BF4B5E76 /* Assets in Resources */,
			);
			runOnlyForDeploymentPostprocessing = 0;
		};
/* End PBXResourcesBuildPhase section */

/* Begin PBXSourcesBuildPhase section */
		0A929FB655F04EB9AAFC7B08 /* Sources */ = {
			isa = PBXSourcesBuildPhase;
			buildActionMask = 2147483647;
			files = (
				3F9F89ABD7B44DFAB5B796F6 /* ZombieSurvivalApp.swift in Sources */,
				AA41ECFBF4ED4552B917DC57 /* GameContainerView.swift in Sources */,
				3C67B69215FC488CBEB66623 /* Balance.swift in Sources */,
				90A8ED05A9AB40DE938509C0 /* RaycasterConfig.swift in Sources */,
				AF873F07649B4B4EBC64F16C /* Geometry.swift in Sources */,
				85B46FAC01E1450BB769C42C /* AssetProvider.swift in Sources */,
				B59591D34FEE4D56986C7C87 /* GameState.swift in Sources */,
				65D3A60C4B3A4F3ABCD5208A /* ControlScheme.swift in Sources */,
				43CA91578C8B47F68A1F2071 /* VirtualJoystick.swift in Sources */,
				F7521398CF1047FBAF44818C /* FPSControls.swift in Sources */,
				4D101B9FAEBB4B789ABF8500 /* Weapon.swift in Sources */,
				066559D0C5E0453B9A619389 /* Player.swift in Sources */,
				02DB7C57BD364B348E74D0BF /* Bullet.swift in Sources */,
				9076B24AF9784D41A59F8E14 /* Enemy.swift in Sources */,
				C8A5AFC0790D46EE80324A9E /* Walker.swift in Sources */,
				E3DAC5DE31ED4A1390671E35 /* WeaponInventory.swift in Sources */,
				CB2D137D5D944B7FBFC66687 /* Perk.swift in Sources */,
				6113DFD1086B47E3B1A8C97D /* CoinPickup.swift in Sources */,
				9CE3FC316CA2412FA1019772 /* SMG.swift in Sources */,
				18C6E3ACD4624BB3A97588EA /* Shotgun.swift in Sources */,
				B68212D37337465FBC731CFC /* AssaultRifle.swift in Sources */,
				0D4D7349F2FA4C0191387287 /* Sniper.swift in Sources */,
				22C3974EA7284A7DA765B0F0 /* LMG.swift in Sources */,
				C30E1B3B4A6B475FBB8C4F17 /* GrenadeLauncher.swift in Sources */,
				8A541576075A451F9C0D7C86 /* ArcCannon.swift in Sources */,
				9FF0E2D3EB8346B19417F0AC /* WaveManager.swift in Sources */,
				90E7D502D748436FBB2497E3 /* EconomyManager.swift in Sources */,
				94D59AFD8A754E7D94F57E2E /* SaveSlot.swift in Sources */,
				8DEFEDAF756F4C48AB87AFAE /* SaveManager.swift in Sources */,
				CAE7A8F81082490C9C7AFD0B /* SettingsStore.swift in Sources */,
				C49583F3B7704745800AD911 /* AudioManager.swift in Sources */,
				5BAEE1AA4C564E08BE2258FA /* MapLayouts.swift in Sources */,
				448A10C2B7F44BC9B14C739E /* NavGrid.swift in Sources */,
				CA90CAAD0F37494CA9752003 /* MapModel.swift in Sources */,
				194A2D440A90479F9CF54AD9 /* HitscanResolver.swift in Sources */,
				23CE75B01D914BDEA7A77F2A /* WallTextureCache.swift in Sources */,
				3C6218EAC83D48D0A1FC5A6A /* RaycastRenderer.swift in Sources */,
				7716A918D06E42789417C94D /* BillboardRenderer.swift in Sources */,
				7DAF772652314191A0B6B662 /* WeaponViewModel.swift in Sources */,
				71033BA2A44F4543BF12EDE3 /* GameScene.swift in Sources */,
				60CC63A733F04A96B16142C1 /* ShopScene.swift in Sources */,
				184D4B9083D84C23ADD95214 /* MainMenuScene.swift in Sources */,
				927B6C714F5149D49A9A0F25 /* MapSelectScene.swift in Sources */,
				7BFC6488135846ACA1388C86 /* LoadGameScene.swift in Sources */,
				D95A45DDA87046758BB605B5 /* SettingsScene.swift in Sources */,
				4666975B79AC49349265FD6C /* PauseMenuScene.swift in Sources */,
				EA353D75AB92419ABA21AC95 /* HUD.swift in Sources */,
			);
			runOnlyForDeploymentPostprocessing = 0;
		};
/* End PBXSourcesBuildPhase section */

/* Begin XCBuildConfiguration section */
		EE98021379914868972EFFA6 /* Debug */ = {
			isa = XCBuildConfiguration;
			buildSettings = {
				ALWAYS_SEARCH_USER_PATHS = NO;
				ASSETCATALOG_COMPILER_GENERATE_SWIFT_ASSET_SYMBOL_EXTENSIONS = YES;
				CLANG_ANALYZER_NONNULL = YES;
				CLANG_ANALYZER_NUMBER_OBJECT_CONVERSION = YES_AGGRESSIVE;
				CLANG_CXX_LANGUAGE_STANDARD = "gnu++20";
				CLANG_ENABLE_MODULES = YES;
				CLANG_ENABLE_OBJC_ARC = YES;
				CLANG_ENABLE_OBJC_WEAK = YES;
				CLANG_WARN_BLOCK_CAPTURE_AUTORELEASING = YES;
				CLANG_WARN_BOOL_CONVERSION = YES;
				CLANG_WARN_COMMA = YES;
				CLANG_WARN_CONSTANT_CONVERSION = YES;
				CLANG_WARN_DEPRECATED_OBJC_IMPLEMENTATIONS = YES;
				CLANG_WARN_DIRECT_OBJC_ISA_USAGE = YES_ERROR;
				CLANG_WARN_DOCUMENTATION_COMMENTS = YES;
				CLANG_WARN_EMPTY_BODY = YES;
				CLANG_WARN_ENUM_CONVERSION = YES;
				CLANG_WARN_INFINITE_RECURSION = YES;
				CLANG_WARN_INT_CONVERSION = YES;
				CLANG_WARN_NON_LITERAL_NULL_CONVERSION = YES;
				CLANG_WARN_OBJC_IMPLICIT_RETAIN_SELF = YES;
				CLANG_WARN_OBJC_LITERAL_CONVERSION = YES;
				CLANG_WARN_OBJC_ROOT_CLASS = YES_ERROR;
				CLANG_WARN_QUOTED_INCLUDE_IN_FRAMEWORK_HEADER = YES;
				CLANG_WARN_RANGE_LOOP_ANALYSIS = YES;
				CLANG_WARN_STRICT_PROTOTYPES = YES;
				CLANG_WARN_SUSPICIOUS_MOVE = YES;
				CLANG_WARN_UNGUARDED_AVAILABILITY = YES_AGGRESSIVE;
				CLANG_WARN_UNREACHABLE_CODE = YES;
				CLANG_WARN__DUPLICATE_METHOD_MATCH = YES;
				COPY_PHASE_STRIP = NO;
				DEBUG_INFORMATION_FORMAT = dwarf;
				ENABLE_STRICT_OBJC_MSGSEND = YES;
				ENABLE_TESTABILITY = YES;
				ENABLE_USER_SCRIPT_SANDBOXING = YES;
				GCC_C_LANGUAGE_STANDARD = gnu17;
				GCC_DYNAMIC_NO_PIC = NO;
				GCC_NO_COMMON_BLOCKS = YES;
				GCC_OPTIMIZATION_LEVEL = 0;
				GCC_PREPROCESSOR_DEFINITIONS = (
					"DEBUG=1",
					"$(inherited)",
				);
				GCC_WARN_64_TO_32_BIT_CONVERSION = YES;
				GCC_WARN_ABOUT_RETURN_TYPE = YES_ERROR;
				GCC_WARN_UNDECLARED_SELECTOR = YES;
				GCC_WARN_UNINITIALIZED_AUTOS = YES_AGGRESSIVE;
				GCC_WARN_UNUSED_FUNCTION = YES;
				GCC_WARN_UNUSED_VARIABLE = YES;
				IPHONEOS_DEPLOYMENT_TARGET = 17.0;
				LOCALIZATION_PREFERS_STRING_CATALOGS = YES;
				MTL_ENABLE_DEBUG_INFO = INCLUDE_SOURCE;
				MTL_FAST_MATH = YES;
				ONLY_ACTIVE_ARCH = YES;
				SDKROOT = iphoneos;
				SWIFT_ACTIVE_COMPILATION_CONDITIONS = "DEBUG $(inherited)";
				SWIFT_OPTIMIZATION_LEVEL = "-Onone";
			};
			name = Debug;
		};
		2FA2097A28E2494BABEB1D91 /* Release */ = {
			isa = XCBuildConfiguration;
			buildSettings = {
				ALWAYS_SEARCH_USER_PATHS = NO;
				ASSETCATALOG_COMPILER_GENERATE_SWIFT_ASSET_SYMBOL_EXTENSIONS = YES;
				CLANG_ANALYZER_NONNULL = YES;
				CLANG_ANALYZER_NUMBER_OBJECT_CONVERSION = YES_AGGRESSIVE;
				CLANG_CXX_LANGUAGE_STANDARD = "gnu++20";
				CLANG_ENABLE_MODULES = YES;
				CLANG_ENABLE_OBJC_ARC = YES;
				CLANG_ENABLE_OBJC_WEAK = YES;
				CLANG_WARN_BLOCK_CAPTURE_AUTORELEASING = YES;
				CLANG_WARN_BOOL_CONVERSION = YES;
				CLANG_WARN_COMMA = YES;
				CLANG_WARN_CONSTANT_CONVERSION = YES;
				CLANG_WARN_DEPRECATED_OBJC_IMPLEMENTATIONS = YES;
				CLANG_WARN_DIRECT_OBJC_ISA_USAGE = YES_ERROR;
				CLANG_WARN_DOCUMENTATION_COMMENTS = YES;
				CLANG_WARN_EMPTY_BODY = YES;
				CLANG_WARN_ENUM_CONVERSION = YES;
				CLANG_WARN_INFINITE_RECURSION = YES;
				CLANG_WARN_INT_CONVERSION = YES;
				CLANG_WARN_NON_LITERAL_NULL_CONVERSION = YES;
				CLANG_WARN_OBJC_IMPLICIT_RETAIN_SELF = YES;
				CLANG_WARN_OBJC_LITERAL_CONVERSION = YES;
				CLANG_WARN_OBJC_ROOT_CLASS = YES_ERROR;
				CLANG_WARN_QUOTED_INCLUDE_IN_FRAMEWORK_HEADER = YES;
				CLANG_WARN_RANGE_LOOP_ANALYSIS = YES;
				CLANG_WARN_STRICT_PROTOTYPES = YES;
				CLANG_WARN_SUSPICIOUS_MOVE = YES;
				CLANG_WARN_UNGUARDED_AVAILABILITY = YES_AGGRESSIVE;
				CLANG_WARN_UNREACHABLE_CODE = YES;
				CLANG_WARN__DUPLICATE_METHOD_MATCH = YES;
				COPY_PHASE_STRIP = NO;
				DEBUG_INFORMATION_FORMAT = "dwarf-with-dsym";
				ENABLE_NS_ASSERTIONS = NO;
				ENABLE_STRICT_OBJC_MSGSEND = YES;
				ENABLE_USER_SCRIPT_SANDBOXING = YES;
				GCC_C_LANGUAGE_STANDARD = gnu17;
				GCC_NO_COMMON_BLOCKS = YES;
				GCC_WARN_64_TO_32_BIT_CONVERSION = YES;
				GCC_WARN_ABOUT_RETURN_TYPE = YES_ERROR;
				GCC_WARN_UNDECLARED_SELECTOR = YES;
				GCC_WARN_UNINITIALIZED_AUTOS = YES_AGGRESSIVE;
				GCC_WARN_UNUSED_FUNCTION = YES;
				GCC_WARN_UNUSED_VARIABLE = YES;
				IPHONEOS_DEPLOYMENT_TARGET = 17.0;
				LOCALIZATION_PREFERS_STRING_CATALOGS = YES;
				MTL_ENABLE_DEBUG_INFO = NO;
				MTL_FAST_MATH = YES;
				SDKROOT = iphoneos;
				SWIFT_COMPILATION_MODE = wholemodule;
				VALIDATE_PRODUCT = YES;
			};
			name = Release;
		};
		C57BB101BA8543DEAF97E4DF /* Debug */ = {
			isa = XCBuildConfiguration;
			buildSettings = {
				ASSETCATALOG_COMPILER_APPICON_NAME = AppIcon;
				ASSETCATALOG_COMPILER_GLOBAL_ACCENT_COLOR_NAME = AccentColor;
				CODE_SIGN_STYLE = Automatic;
				CURRENT_PROJECT_VERSION = 1;
				ENABLE_PREVIEWS = YES;
				GENERATE_INFOPLIST_FILE = YES;
				INFOPLIST_KEY_UIApplicationSceneManifest_Generation = YES;
				INFOPLIST_KEY_UIApplicationSupportsIndirectInputEvents = YES;
				INFOPLIST_KEY_UILaunchScreen_Generation = YES;
				INFOPLIST_KEY_UIRequiresFullScreen = YES;
				INFOPLIST_KEY_UIStatusBarHidden = YES;
				INFOPLIST_KEY_UISupportedInterfaceOrientations = "UIInterfaceOrientationLandscapeLeft UIInterfaceOrientationLandscapeRight";
				INFOPLIST_KEY_UISupportedInterfaceOrientations_iPad = "UIInterfaceOrientationLandscapeLeft UIInterfaceOrientationLandscapeRight";
				LD_RUNPATH_SEARCH_PATHS = (
					"$(inherited)",
					"@executable_path/Frameworks",
				);
				MARKETING_VERSION = 1.0;
				PRODUCT_BUNDLE_IDENTIFIER = "com.querngd.ZombieSurvival";
				PRODUCT_NAME = "$(TARGET_NAME)";
				SWIFT_EMIT_LOC_STRINGS = YES;
				SWIFT_VERSION = 5.0;
				TARGETED_DEVICE_FAMILY = "1,2";
			};
			name = Debug;
		};
		401E75B4156045B6A65B36E7 /* Release */ = {
			isa = XCBuildConfiguration;
			buildSettings = {
				ASSETCATALOG_COMPILER_APPICON_NAME = AppIcon;
				ASSETCATALOG_COMPILER_GLOBAL_ACCENT_COLOR_NAME = AccentColor;
				CODE_SIGN_STYLE = Automatic;
				CURRENT_PROJECT_VERSION = 1;
				ENABLE_PREVIEWS = YES;
				GENERATE_INFOPLIST_FILE = YES;
				INFOPLIST_KEY_UIApplicationSceneManifest_Generation = YES;
				INFOPLIST_KEY_UIApplicationSupportsIndirectInputEvents = YES;
				INFOPLIST_KEY_UILaunchScreen_Generation = YES;
				INFOPLIST_KEY_UIRequiresFullScreen = YES;
				INFOPLIST_KEY_UIStatusBarHidden = YES;
				INFOPLIST_KEY_UISupportedInterfaceOrientations = "UIInterfaceOrientationLandscapeLeft UIInterfaceOrientationLandscapeRight";
				INFOPLIST_KEY_UISupportedInterfaceOrientations_iPad = "UIInterfaceOrientationLandscapeLeft UIInterfaceOrientationLandscapeRight";
				LD_RUNPATH_SEARCH_PATHS = (
					"$(inherited)",
					"@executable_path/Frameworks",
				);
				MARKETING_VERSION = 1.0;
				PRODUCT_BUNDLE_IDENTIFIER = "com.querngd.ZombieSurvival";
				PRODUCT_NAME = "$(TARGET_NAME)";
				SWIFT_EMIT_LOC_STRINGS = YES;
				SWIFT_VERSION = 5.0;
				TARGETED_DEVICE_FAMILY = "1,2";
			};
			name = Release;
		};
/* End XCBuildConfiguration section */

/* Begin XCConfigurationList section */
		D514EDEABC7E4BF5B7F77623 /* Build configuration list for PBXProject "ZombieSurvival" */ = {
			isa = XCConfigurationList;
			buildConfigurations = (
				EE98021379914868972EFFA6 /* Debug */,
				2FA2097A28E2494BABEB1D91 /* Release */,
			);
			defaultConfigurationIsVisible = 0;
			defaultConfigurationName = Release;
		};
		BFF6C3EF13A44131975B6FD4 /* Build configuration list for PBXNativeTarget "ZombieSurvival" */ = {
			isa = XCConfigurationList;
			buildConfigurations = (
				C57BB101BA8543DEAF97E4DF /* Debug */,
				401E75B4156045B6A65B36E7 /* Release */,
			);
			defaultConfigurationIsVisible = 0;
			defaultConfigurationName = Release;
		};
/* End XCConfigurationList section */
	};
	rootObject = F673F2FAC255454BB63F98F9 /* Project object */;
}
